// !$*UTF8*$!
{
	archiveVersion = 1;
	classes = {
	};
	objectVersion = 55;
	objects = {

/* Begin PBXBuildFile section */
		1256A33F286B174D002AF08A /* 🛠AppMenu.swift in Sources */ = {isa = PBXBuildFile; fileRef = 1256A33E286B174D002AF08A /* 🛠AppMenu.swift */; };
		12724D702862DEB0008471AB /* StoreKit.framework in Frameworks */ = {isa = PBXBuildFile; fileRef = 12724D6F2862DEB0008471AB /* StoreKit.framework */; };
		127ECB2A286149EF00CB1BC3 /* 🛒InAppPurchaseView.swift in Sources */ = {isa = PBXBuildFile; fileRef = 127ECB28286149EF00CB1BC3 /* 🛒InAppPurchaseView.swift */; };
		127ECB2C28614B8B00CB1BC3 /* 📣ADView.swift in Sources */ = {isa = PBXBuildFile; fileRef = 127ECB2B28614B8B00CB1BC3 /* 📣ADView.swift */; };
		127ECB2E28614C0200CB1BC3 /* Configuration.storekit in Resources */ = {isa = PBXBuildFile; fileRef = 127ECB2D28614C0200CB1BC3 /* Configuration.storekit */; };
		1299C37B288CB8C30086522B /* 🌏AppStoreDescription.strings in Resources */ = {isa = PBXBuildFile; fileRef = 1299C37D288CB8C30086522B /* 🌏AppStoreDescription.strings */; };
		1299C386288D12760086522B /* 🌏VersionDescription.strings in Resources */ = {isa = PBXBuildFile; fileRef = 1299C388288D12760086522B /* 🌏VersionDescription.strings */; };
		12DDDDAD288BF2E40055A073 /* Launch Screen.storyboard in Resources */ = {isa = PBXBuildFile; fileRef = 12DDDDAC288BF2E40055A073 /* Launch Screen.storyboard */; };
		12E4A748285027F600B2380B /* App_iOS.swift in Sources */ = {isa = PBXBuildFile; fileRef = 12E4A747285027F600B2380B /* App_iOS.swift */; };
		12E4A74A285027F600B2380B /* ContentView_iOS.swift in Sources */ = {isa = PBXBuildFile; fileRef = 12E4A749285027F600B2380B /* ContentView_iOS.swift */; };
		12E4A74C285027F700B2380B /* Assets.xcassets in Resources */ = {isa = PBXBuildFile; fileRef = 12E4A74B285027F700B2380B /* Assets.xcassets */; };
		12E4A75728502A2D00B2380B /* 📱AppModel_iOS.swift in Sources */ = {isa = PBXBuildFile; fileRef = 12E4A75628502A2D00B2380B /* 📱AppModel_iOS.swift */; };
		12E4A76328502C9F00B2380B /* ℹ️AboutApp.swift in Sources */ = {isa = PBXBuildFile; fileRef = 12E4A76028502C9F00B2380B /* ℹ️AboutApp.swift */; };
		12E4A77128502F3A00B2380B /* InfoPlist.strings in Resources */ = {isa = PBXBuildFile; fileRef = 12E4A77328502F3A00B2380B /* InfoPlist.strings */; };
		F501E9C72A6A2FF500E9F9A6 /* 🗒️StaticInfo.swift in Sources */ = {isa = PBXBuildFile; fileRef = F501E9C62A6A2FF500E9F9A6 /* 🗒️StaticInfo.swift */; };
		F501E9C82A6A2FF500E9F9A6 /* 🗒️StaticInfo.swift in Sources */ = {isa = PBXBuildFile; fileRef = F501E9C62A6A2FF500E9F9A6 /* 🗒️StaticInfo.swift */; };
		F501E9C92A6A2FF500E9F9A6 /* 🗒️StaticInfo.swift in Sources */ = {isa = PBXBuildFile; fileRef = F501E9C62A6A2FF500E9F9A6 /* 🗒️StaticInfo.swift */; };
		F501E9CE2A6A3A0E00E9F9A6 /* 🗒️StaticInfo.swift in CopyFiles */ = {isa = PBXBuildFile; fileRef = F501E9C62A6A2FF500E9F9A6 /* 🗒️StaticInfo.swift */; };
		F519CB5D29AAFF5800ACD6B6 /* App_iOS.swift in CopyFiles */ = {isa = PBXBuildFile; fileRef = 12E4A747285027F600B2380B /* App_iOS.swift */; };
		F519CB5E29AAFF5800ACD6B6 /* ContentView_iOS.swift in CopyFiles */ = {isa = PBXBuildFile; fileRef = 12E4A749285027F600B2380B /* ContentView_iOS.swift */; };
		F519CB5F29AAFF5800ACD6B6 /* 📱AppModel_iOS.swift in CopyFiles */ = {isa = PBXBuildFile; fileRef = 12E4A75628502A2D00B2380B /* 📱AppModel_iOS.swift */; };
		F519CB6129AAFF5800ACD6B6 /* ℹ️AboutApp.swift in CopyFiles */ = {isa = PBXBuildFile; fileRef = 12E4A76028502C9F00B2380B /* ℹ️AboutApp.swift */; };
		F519CB6229AAFF5800ACD6B6 /* 📣ADView.swift in CopyFiles */ = {isa = PBXBuildFile; fileRef = 127ECB2B28614B8B00CB1BC3 /* 📣ADView.swift */; };
		F519CB6329AAFF5800ACD6B6 /* 🛒InAppPurchaseView.swift in CopyFiles */ = {isa = PBXBuildFile; fileRef = 127ECB28286149EF00CB1BC3 /* 🛒InAppPurchaseView.swift */; };
		F5514EF329CD743E00FCA7EA /* ﹀DismissButton.swift in Sources */ = {isa = PBXBuildFile; fileRef = F5514EF229CD743E00FCA7EA /* ﹀DismissButton.swift */; };
		F5514EF429CD7B4E00FCA7EA /* 📣ADContent.swift in CopyFiles */ = {isa = PBXBuildFile; fileRef = F57B37F129726CE300F0BB91 /* 📣ADContent.swift */; };
		F5514EF529CD7B4E00FCA7EA /* 💬RequestUserReview.swift in CopyFiles */ = {isa = PBXBuildFile; fileRef = F557299629A08E4100C918C1 /* 💬RequestUserReview.swift */; };
		F5514EF629CD7B4E00FCA7EA /* 🛠AppMenu.swift in CopyFiles */ = {isa = PBXBuildFile; fileRef = 1256A33E286B174D002AF08A /* 🛠AppMenu.swift */; };
		F5514EF729CD7B4E00FCA7EA /* ﹀DismissButton.swift in CopyFiles */ = {isa = PBXBuildFile; fileRef = F5514EF229CD743E00FCA7EA /* ﹀DismissButton.swift */; };
		F557299729A08E4100C918C1 /* 💬RequestUserReview.swift in Sources */ = {isa = PBXBuildFile; fileRef = F557299629A08E4100C918C1 /* 💬RequestUserReview.swift */; };
		F567E38829F27E180026E12D /* 🩹Workaround.swift in Sources */ = {isa = PBXBuildFile; fileRef = F567E38729F27E180026E12D /* 🩹Workaround.swift */; };
		F567E39029F2A09A0026E12D /* App_watchOS.swift in Sources */ = {isa = PBXBuildFile; fileRef = F567E38F29F2A09A0026E12D /* App_watchOS.swift */; };
		F567E39229F2A09A0026E12D /* ContentView_watchOS.swift in Sources */ = {isa = PBXBuildFile; fileRef = F567E39129F2A09A0026E12D /* ContentView_watchOS.swift */; };
		F567E39429F2A09C0026E12D /* Assets.xcassets in Resources */ = {isa = PBXBuildFile; fileRef = F567E39329F2A09C0026E12D /* Assets.xcassets */; };
		F567E39A29F2A09C0026E12D /* AT Watch App.app in Embed Watch Content */ = {isa = PBXBuildFile; fileRef = F567E38D29F2A09A0026E12D /* AT Watch App.app */; platformFilter = ios; settings = {ATTRIBUTES = (RemoveHeadersOnCopy, ); }; };
		F567E3A229F2A3030026E12D /* InfoPlist.strings in Resources */ = {isa = PBXBuildFile; fileRef = 12E4A77328502F3A00B2380B /* InfoPlist.strings */; };
		F57B37F229726CE300F0BB91 /* 📣ADContent.swift in Sources */ = {isa = PBXBuildFile; fileRef = F57B37F129726CE300F0BB91 /* 📣ADContent.swift */; };
		F583DC652A6D227900F02006 /* AD&InAppPurchase.xcstrings in Resources */ = {isa = PBXBuildFile; fileRef = F583DC642A6D227900F02006 /* AD&InAppPurchase.xcstrings */; };
		F583DC662A6D227900F02006 /* AD&InAppPurchase.xcstrings in Resources */ = {isa = PBXBuildFile; fileRef = F583DC642A6D227900F02006 /* AD&InAppPurchase.xcstrings */; };
		F583DC672A6D227900F02006 /* AD&InAppPurchase.xcstrings in Resources */ = {isa = PBXBuildFile; fileRef = F583DC642A6D227900F02006 /* AD&InAppPurchase.xcstrings */; };
		F583DC732A6D22F500F02006 /* AboutApp.xcstrings in Resources */ = {isa = PBXBuildFile; fileRef = F583DC722A6D22F500F02006 /* AboutApp.xcstrings */; };
		F583DC742A6D22F500F02006 /* AboutApp.xcstrings in Resources */ = {isa = PBXBuildFile; fileRef = F583DC722A6D22F500F02006 /* AboutApp.xcstrings */; };
		F583DC752A6D22F500F02006 /* AboutApp.xcstrings in Resources */ = {isa = PBXBuildFile; fileRef = F583DC722A6D22F500F02006 /* AboutApp.xcstrings */; };
		F583DC772A6D29F200F02006 /* Localizable.xcstrings in Resources */ = {isa = PBXBuildFile; fileRef = F583DC762A6D29F200F02006 /* Localizable.xcstrings */; };
		F5936C192A6A90B10044B939 /* 📣ADModel.swift in Sources */ = {isa = PBXBuildFile; fileRef = F5936C182A6A90B10044B939 /* 📣ADModel.swift */; };
		F5936C1A2A6A90B10044B939 /* 📣ADModel.swift in Sources */ = {isa = PBXBuildFile; fileRef = F5936C182A6A90B10044B939 /* 📣ADModel.swift */; };
		F5936C1B2A6A90B10044B939 /* 📣ADModel.swift in Sources */ = {isa = PBXBuildFile; fileRef = F5936C182A6A90B10044B939 /* 📣ADModel.swift */; };
		F5936C1D2A6A90C30044B939 /* 🛒InAppPurchaseModel.swift in Sources */ = {isa = PBXBuildFile; fileRef = F5936C1C2A6A90C30044B939 /* 🛒InAppPurchaseModel.swift */; };
		F5936C1E2A6A90C30044B939 /* 🛒InAppPurchaseModel.swift in Sources */ = {isa = PBXBuildFile; fileRef = F5936C1C2A6A90C30044B939 /* 🛒InAppPurchaseModel.swift */; };
		F5936C1F2A6A90C30044B939 /* 🛒InAppPurchaseModel.swift in Sources */ = {isa = PBXBuildFile; fileRef = F5936C1C2A6A90C30044B939 /* 🛒InAppPurchaseModel.swift */; };
		F5936C212A6A92820044B939 /* 💬PrepareToRequestUserReview.swift in Sources */ = {isa = PBXBuildFile; fileRef = F5936C202A6A92820044B939 /* 💬PrepareToRequestUserReview.swift */; };
		F5A8805B2A693B0C00D534EC /* App_macOS.swift in Sources */ = {isa = PBXBuildFile; fileRef = F5A8805A2A693B0C00D534EC /* App_macOS.swift */; };
		F5A8805D2A693B0C00D534EC /* ContentView_macOS.swift in Sources */ = {isa = PBXBuildFile; fileRef = F5A8805C2A693B0C00D534EC /* ContentView_macOS.swift */; };
		F5A8805F2A693B0F00D534EC /* Assets.xcassets in Resources */ = {isa = PBXBuildFile; fileRef = F5A8805E2A693B0F00D534EC /* Assets.xcassets */; };
		F5F2272129FE6B1900891C69 /* 🪧Sheet.swift in Sources */ = {isa = PBXBuildFile; fileRef = F5F2272029FE6B1900891C69 /* 🪧Sheet.swift */; };
/* End PBXBuildFile section */

/* Begin PBXContainerItemProxy section */
		F567E39829F2A09C0026E12D /* PBXContainerItemProxy */ = {
			isa = PBXContainerItemProxy;
			containerPortal = 12E4A73C285027F600B2380B /* Project object */;
			proxyType = 1;
			remoteGlobalIDString = F567E38C29F2A09A0026E12D;
			remoteInfo = "AT Watch App";
		};
/* End PBXContainerItemProxy section */

/* Begin PBXCopyFilesBuildPhase section */
		F51722312920FCCC00C6DDE6 /* Embed Foundation Extensions */ = {
			isa = PBXCopyFilesBuildPhase;
			buildActionMask = 2147483647;
			dstPath = "";
			dstSubfolderSpec = 13;
			files = (
			);
			name = "Embed Foundation Extensions";
			runOnlyForDeploymentPostprocessing = 0;
		};
		F519CB5C29AAFF2D00ACD6B6 /* CopyFiles */ = {
			isa = PBXCopyFilesBuildPhase;
			buildActionMask = 2147483647;
			dstPath = "📁SourceCode";
			dstSubfolderSpec = 7;
			files = (
				F501E9CE2A6A3A0E00E9F9A6 /* 🗒️StaticInfo.swift in CopyFiles */,
				F5514EF429CD7B4E00FCA7EA /* 📣ADContent.swift in CopyFiles */,
				F5514EF529CD7B4E00FCA7EA /* 💬RequestUserReview.swift in CopyFiles */,
				F5514EF629CD7B4E00FCA7EA /* 🛠AppMenu.swift in CopyFiles */,
				F5514EF729CD7B4E00FCA7EA /* ﹀DismissButton.swift in CopyFiles */,
				F519CB5D29AAFF5800ACD6B6 /* App_iOS.swift in CopyFiles */,
				F519CB5E29AAFF5800ACD6B6 /* ContentView_iOS.swift in CopyFiles */,
				F519CB5F29AAFF5800ACD6B6 /* 📱AppModel_iOS.swift in CopyFiles */,
				F519CB6129AAFF5800ACD6B6 /* ℹ️AboutApp.swift in CopyFiles */,
				F519CB6229AAFF5800ACD6B6 /* 📣ADView.swift in CopyFiles */,
				F519CB6329AAFF5800ACD6B6 /* 🛒InAppPurchaseView.swift in CopyFiles */,
			);
			runOnlyForDeploymentPostprocessing = 0;
		};
		F567E39E29F2A09C0026E12D /* Embed Watch Content */ = {
			isa = PBXCopyFilesBuildPhase;
			buildActionMask = 2147483647;
			dstPath = "$(CONTENTS_FOLDER_PATH)/Watch";
			dstSubfolderSpec = 16;
			files = (
				F567E39A29F2A09C0026E12D /* AT Watch App.app in Embed Watch Content */,
			);
			name = "Embed Watch Content";
			runOnlyForDeploymentPostprocessing = 0;
		};
/* End PBXCopyFilesBuildPhase section */

/* Begin PBXFileReference section */
		1256A33E286B174D002AF08A /* 🛠AppMenu.swift */ = {isa = PBXFileReference; lastKnownFileType = sourcecode.swift; path = "🛠AppMenu.swift"; sourceTree = "<group>"; };
		12724D6F2862DEB0008471AB /* StoreKit.framework */ = {isa = PBXFileReference; lastKnownFileType = wrapper.framework; name = StoreKit.framework; path = System/Library/Frameworks/StoreKit.framework; sourceTree = SDKROOT; };
		127ECB28286149EF00CB1BC3 /* 🛒InAppPurchaseView.swift */ = {isa = PBXFileReference; fileEncoding = 4; lastKnownFileType = sourcecode.swift; path = "🛒InAppPurchaseView.swift"; sourceTree = "<group>"; };
		127ECB2B28614B8B00CB1BC3 /* 📣ADView.swift */ = {isa = PBXFileReference; fileEncoding = 4; lastKnownFileType = sourcecode.swift; path = "📣ADView.swift"; sourceTree = "<group>"; };
		127ECB2D28614C0200CB1BC3 /* Configuration.storekit */ = {isa = PBXFileReference; fileEncoding = 4; lastKnownFileType = text; path = Configuration.storekit; sourceTree = "<group>"; };
		1299C37C288CB8C30086522B /* en */ = {isa = PBXFileReference; lastKnownFileType = text.plist.strings; name = en; path = "en.lproj/🌏AppStoreDescription.strings"; sourceTree = "<group>"; };
		1299C37E288CB8C70086522B /* ja */ = {isa = PBXFileReference; lastKnownFileType = text.plist.strings; name = ja; path = "ja.lproj/🌏AppStoreDescription.strings"; sourceTree = "<group>"; };
		1299C387288D12760086522B /* en */ = {isa = PBXFileReference; lastKnownFileType = text.plist.strings; name = en; path = "en.lproj/🌏VersionDescription.strings"; sourceTree = "<group>"; };
		1299C389288D127A0086522B /* ja */ = {isa = PBXFileReference; lastKnownFileType = text.plist.strings; name = ja; path = "ja.lproj/🌏VersionDescription.strings"; sourceTree = "<group>"; };
		12DDDDAC288BF2E40055A073 /* Launch Screen.storyboard */ = {isa = PBXFileReference; lastKnownFileType = file.storyboard; path = "Launch Screen.storyboard"; sourceTree = "<group>"; };
		12E4A744285027F600B2380B /* AppTemplate.app */ = {isa = PBXFileReference; explicitFileType = wrapper.application; includeInIndex = 0; path = AppTemplate.app; sourceTree = BUILT_PRODUCTS_DIR; };
		12E4A747285027F600B2380B /* App_iOS.swift */ = {isa = PBXFileReference; lastKnownFileType = sourcecode.swift; path = App_iOS.swift; sourceTree = "<group>"; };
		12E4A749285027F600B2380B /* ContentView_iOS.swift */ = {isa = PBXFileReference; lastKnownFileType = sourcecode.swift; path = ContentView_iOS.swift; sourceTree = "<group>"; };
		12E4A74B285027F700B2380B /* Assets.xcassets */ = {isa = PBXFileReference; lastKnownFileType = folder.assetcatalog; path = Assets.xcassets; sourceTree = "<group>"; };
		12E4A755285028C800B2380B /* README.md */ = {isa = PBXFileReference; lastKnownFileType = net.daringfireball.markdown; path = README.md; sourceTree = "<group>"; };
		12E4A75628502A2D00B2380B /* 📱AppModel_iOS.swift */ = {isa = PBXFileReference; lastKnownFileType = sourcecode.swift; path = "📱AppModel_iOS.swift"; sourceTree = "<group>"; };
		12E4A76028502C9F00B2380B /* ℹ️AboutApp.swift */ = {isa = PBXFileReference; fileEncoding = 4; lastKnownFileType = sourcecode.swift; path = "ℹ️AboutApp.swift"; sourceTree = "<group>"; };
		12E4A77228502F3A00B2380B /* en */ = {isa = PBXFileReference; lastKnownFileType = text.plist.strings; name = en; path = en.lproj/InfoPlist.strings; sourceTree = "<group>"; };
		12E4A77428502F3B00B2380B /* ja */ = {isa = PBXFileReference; lastKnownFileType = text.plist.strings; name = ja; path = ja.lproj/InfoPlist.strings; sourceTree = "<group>"; };
		F501E9C62A6A2FF500E9F9A6 /* 🗒️StaticInfo.swift */ = {isa = PBXFileReference; lastKnownFileType = sourcecode.swift; path = "🗒️StaticInfo.swift"; sourceTree = "<group>"; };
		F549E849290BC3C300636271 /* memo.md */ = {isa = PBXFileReference; lastKnownFileType = net.daringfireball.markdown; path = memo.md; sourceTree = "<group>"; };
		F5514EF229CD743E00FCA7EA /* ﹀DismissButton.swift */ = {isa = PBXFileReference; lastKnownFileType = sourcecode.swift; path = "﹀DismissButton.swift"; sourceTree = "<group>"; };
		F557299629A08E4100C918C1 /* 💬RequestUserReview.swift */ = {isa = PBXFileReference; lastKnownFileType = sourcecode.swift; path = "💬RequestUserReview.swift"; sourceTree = "<group>"; };
		F567E36929F278B10026E12D /* Info.plist */ = {isa = PBXFileReference; lastKnownFileType = text.plist.xml; path = Info.plist; sourceTree = "<group>"; };
		F567E38729F27E180026E12D /* 🩹Workaround.swift */ = {isa = PBXFileReference; lastKnownFileType = sourcecode.swift; path = "🩹Workaround.swift"; sourceTree = "<group>"; };
		F567E38D29F2A09A0026E12D /* AT Watch App.app */ = {isa = PBXFileReference; explicitFileType = wrapper.application; includeInIndex = 0; path = "AT Watch App.app"; sourceTree = BUILT_PRODUCTS_DIR; };
		F567E38F29F2A09A0026E12D /* App_watchOS.swift */ = {isa = PBXFileReference; lastKnownFileType = sourcecode.swift; path = App_watchOS.swift; sourceTree = "<group>"; };
		F567E39129F2A09A0026E12D /* ContentView_watchOS.swift */ = {isa = PBXFileReference; lastKnownFileType = sourcecode.swift; path = ContentView_watchOS.swift; sourceTree = "<group>"; };
		F567E39329F2A09C0026E12D /* Assets.xcassets */ = {isa = PBXFileReference; lastKnownFileType = folder.assetcatalog; path = Assets.xcassets; sourceTree = "<group>"; };
		F57B37F129726CE300F0BB91 /* 📣ADContent.swift */ = {isa = PBXFileReference; lastKnownFileType = sourcecode.swift; path = "📣ADContent.swift"; sourceTree = "<group>"; };
		F583DC642A6D227900F02006 /* AD&InAppPurchase.xcstrings */ = {isa = PBXFileReference; lastKnownFileType = text.json.xcstrings; path = "AD&InAppPurchase.xcstrings"; sourceTree = "<group>"; };
		F583DC722A6D22F500F02006 /* AboutApp.xcstrings */ = {isa = PBXFileReference; lastKnownFileType = text.json.xcstrings; path = AboutApp.xcstrings; sourceTree = "<group>"; };
		F583DC762A6D29F200F02006 /* Localizable.xcstrings */ = {isa = PBXFileReference; lastKnownFileType = text.json.xcstrings; path = Localizable.xcstrings; sourceTree = "<group>"; };
		F5936C182A6A90B10044B939 /* 📣ADModel.swift */ = {isa = PBXFileReference; lastKnownFileType = sourcecode.swift; path = "📣ADModel.swift"; sourceTree = "<group>"; };
		F5936C1C2A6A90C30044B939 /* 🛒InAppPurchaseModel.swift */ = {isa = PBXFileReference; lastKnownFileType = sourcecode.swift; path = "🛒InAppPurchaseModel.swift"; sourceTree = "<group>"; };
		F5936C202A6A92820044B939 /* 💬PrepareToRequestUserReview.swift */ = {isa = PBXFileReference; lastKnownFileType = sourcecode.swift; path = "💬PrepareToRequestUserReview.swift"; sourceTree = "<group>"; };
		F5A880582A693B0C00D534EC /* macOSApp.app */ = {isa = PBXFileReference; explicitFileType = wrapper.application; includeInIndex = 0; path = macOSApp.app; sourceTree = BUILT_PRODUCTS_DIR; };
		F5A8805A2A693B0C00D534EC /* App_macOS.swift */ = {isa = PBXFileReference; lastKnownFileType = sourcecode.swift; path = App_macOS.swift; sourceTree = "<group>"; };
		F5A8805C2A693B0C00D534EC /* ContentView_macOS.swift */ = {isa = PBXFileReference; lastKnownFileType = sourcecode.swift; path = ContentView_macOS.swift; sourceTree = "<group>"; };
		F5A8805E2A693B0F00D534EC /* Assets.xcassets */ = {isa = PBXFileReference; lastKnownFileType = folder.assetcatalog; path = Assets.xcassets; sourceTree = "<group>"; };
		F5A880632A693B0F00D534EC /* macOSApp.entitlements */ = {isa = PBXFileReference; lastKnownFileType = text.plist.entitlements; path = macOSApp.entitlements; sourceTree = "<group>"; };
		F5F2272029FE6B1900891C69 /* 🪧Sheet.swift */ = {isa = PBXFileReference; lastKnownFileType = sourcecode.swift; path = "🪧Sheet.swift"; sourceTree = "<group>"; };
/* End PBXFileReference section */

/* Begin PBXFrameworksBuildPhase section */
		12E4A741285027F600B2380B /* Frameworks */ = {
			isa = PBXFrameworksBuildPhase;
			buildActionMask = 2147483647;
			files = (
				12724D702862DEB0008471AB /* StoreKit.framework in Frameworks */,
			);
			runOnlyForDeploymentPostprocessing = 0;
		};
		F567E38A29F2A09A0026E12D /* Frameworks */ = {
			isa = PBXFrameworksBuildPhase;
			buildActionMask = 2147483647;
			files = (
			);
			runOnlyForDeploymentPostprocessing = 0;
		};
		F5A880552A693B0C00D534EC /* Frameworks */ = {
			isa = PBXFrameworksBuildPhase;
			buildActionMask = 2147483647;
			files = (
			);
			runOnlyForDeploymentPostprocessing = 0;
		};
/* End PBXFrameworksBuildPhase section */

/* Begin PBXGroup section */
		12724D6E2862DEB0008471AB /* Frameworks */ = {
			isa = PBXGroup;
			children = (
				12724D6F2862DEB0008471AB /* StoreKit.framework */,
			);
			name = Frameworks;
			sourceTree = "<group>";
		};
		127ECB25286149B400CB1BC3 /* 🧩Sub */ = {
			isa = PBXGroup;
			children = (
				F5F2272029FE6B1900891C69 /* 🪧Sheet.swift */,
				F57B37F129726CE300F0BB91 /* 📣ADContent.swift */,
				F557299629A08E4100C918C1 /* 💬RequestUserReview.swift */,
				1256A33E286B174D002AF08A /* 🛠AppMenu.swift */,
				12E4A76828502EA600B2380B /* 🌏Localization */,
				F567E36929F278B10026E12D /* Info.plist */,
				F5936C162A6A81DE0044B939 /* 🗄️Rest */,
				12E4A75828502AF800B2380B /* 🧰Others */,
			);
			path = "🧩Sub";
			sourceTree = "<group>";
		};
		12E4A73B285027F600B2380B = {
			isa = PBXGroup;
			children = (
				12E4A755285028C800B2380B /* README.md */,
				F549E849290BC3C300636271 /* memo.md */,
				F501E9C52A6A2E7C00E9F9A6 /* Shared */,
				12E4A746285027F600B2380B /* iOS */,
				F567E38E29F2A09A0026E12D /* watchOS */,
				F5A880592A693B0C00D534EC /* macOS */,
				12E4A745285027F600B2380B /* Products */,
				12724D6E2862DEB0008471AB /* Frameworks */,
			);
			sourceTree = "<group>";
		};
		12E4A745285027F600B2380B /* Products */ = {
			isa = PBXGroup;
			children = (
				12E4A744285027F600B2380B /* AppTemplate.app */,
				F567E38D29F2A09A0026E12D /* AT Watch App.app */,
				F5A880582A693B0C00D534EC /* macOSApp.app */,
			);
			name = Products;
			sourceTree = "<group>";
		};
		12E4A746285027F600B2380B /* iOS */ = {
			isa = PBXGroup;
			children = (
				12E4A747285027F600B2380B /* App_iOS.swift */,
				12E4A749285027F600B2380B /* ContentView_iOS.swift */,
				12E4A75628502A2D00B2380B /* 📱AppModel_iOS.swift */,
				127ECB25286149B400CB1BC3 /* 🧩Sub */,
				12E4A74B285027F700B2380B /* Assets.xcassets */,
			);
			path = iOS;
			sourceTree = "<group>";
		};
		12E4A75828502AF800B2380B /* 🧰Others */ = {
			isa = PBXGroup;
			children = (
			);
			path = "🧰Others";
			sourceTree = "<group>";
		};
		12E4A76828502EA600B2380B /* 🌏Localization */ = {
			isa = PBXGroup;
			children = (
				F583DC762A6D29F200F02006 /* Localizable.xcstrings */,
				12E4A77328502F3A00B2380B /* InfoPlist.strings */,
				1299C37D288CB8C30086522B /* 🌏AppStoreDescription.strings */,
				1299C388288D12760086522B /* 🌏VersionDescription.strings */,
			);
			path = "🌏Localization";
			sourceTree = "<group>";
		};
		F501E9C52A6A2E7C00E9F9A6 /* Shared */ = {
			isa = PBXGroup;
			children = (
				F501E9C62A6A2FF500E9F9A6 /* 🗒️StaticInfo.swift */,
				F5936C182A6A90B10044B939 /* 📣ADModel.swift */,
				F5936C1C2A6A90C30044B939 /* 🛒InAppPurchaseModel.swift */,
				F583DC592A6D222B00F02006 /* 🌏Localization */,
			);
			path = Shared;
			sourceTree = "<group>";
		};
		F567E38E29F2A09A0026E12D /* watchOS */ = {
			isa = PBXGroup;
			children = (
				F567E38F29F2A09A0026E12D /* App_watchOS.swift */,
				F567E39129F2A09A0026E12D /* ContentView_watchOS.swift */,
				F567E39329F2A09C0026E12D /* Assets.xcassets */,
			);
			path = watchOS;
			sourceTree = "<group>";
		};
		F583DC592A6D222B00F02006 /* 🌏Localization */ = {
			isa = PBXGroup;
			children = (
				F583DC722A6D22F500F02006 /* AboutApp.xcstrings */,
				F583DC642A6D227900F02006 /* AD&InAppPurchase.xcstrings */,
			);
			path = "🌏Localization";
			sourceTree = "<group>";
		};
		F5936C162A6A81DE0044B939 /* 🗄️Rest */ = {
			isa = PBXGroup;
			children = (
				F5514EF229CD743E00FCA7EA /* ﹀DismissButton.swift */,
				F567E38729F27E180026E12D /* 🩹Workaround.swift */,
				F5936C202A6A92820044B939 /* 💬PrepareToRequestUserReview.swift */,
				12E4A76028502C9F00B2380B /* ℹ️AboutApp.swift */,
				127ECB2B28614B8B00CB1BC3 /* 📣ADView.swift */,
				127ECB28286149EF00CB1BC3 /* 🛒InAppPurchaseView.swift */,
				12DDDDAC288BF2E40055A073 /* Launch Screen.storyboard */,
				127ECB2D28614C0200CB1BC3 /* Configuration.storekit */,
			);
			path = "🗄️Rest";
			sourceTree = "<group>";
		};
		F5A880592A693B0C00D534EC /* macOS */ = {
			isa = PBXGroup;
			children = (
				F5A8805A2A693B0C00D534EC /* App_macOS.swift */,
				F5A8805C2A693B0C00D534EC /* ContentView_macOS.swift */,
				F5A8805E2A693B0F00D534EC /* Assets.xcassets */,
				F5A880632A693B0F00D534EC /* macOSApp.entitlements */,
			);
			path = macOS;
			sourceTree = "<group>";
		};
/* End PBXGroup section */

/* Begin PBXNativeTarget section */
		12E4A743285027F600B2380B /* AppTemplate */ = {
			isa = PBXNativeTarget;
			buildConfigurationList = 12E4A752285027F700B2380B /* Build configuration list for PBXNativeTarget "AppTemplate" */;
			buildPhases = (
				12E4A740285027F600B2380B /* Sources */,
				12E4A741285027F600B2380B /* Frameworks */,
				12E4A742285027F600B2380B /* Resources */,
				F51722312920FCCC00C6DDE6 /* Embed Foundation Extensions */,
				F519CB5C29AAFF2D00ACD6B6 /* CopyFiles */,
				F567E39E29F2A09C0026E12D /* Embed Watch Content */,
			);
			buildRules = (
			);
			dependencies = (
				F567E39929F2A09C0026E12D /* PBXTargetDependency */,
			);
			name = AppTemplate;
			productName = AppTemplate;
			productReference = 12E4A744285027F600B2380B /* AppTemplate.app */;
			productType = "com.apple.product-type.application";
		};
		F567E38C29F2A09A0026E12D /* AT Watch App */ = {
			isa = PBXNativeTarget;
			buildConfigurationList = F567E39B29F2A09C0026E12D /* Build configuration list for PBXNativeTarget "AT Watch App" */;
			buildPhases = (
				F567E38929F2A09A0026E12D /* Sources */,
				F567E38A29F2A09A0026E12D /* Frameworks */,
				F567E38B29F2A09A0026E12D /* Resources */,
			);
			buildRules = (
			);
			dependencies = (
			);
			name = "AT Watch App";
			productName = "AT Watch App";
			productReference = F567E38D29F2A09A0026E12D /* AT Watch App.app */;
			productType = "com.apple.product-type.application";
		};
		F5A880572A693B0C00D534EC /* macOSApp */ = {
			isa = PBXNativeTarget;
			buildConfigurationList = F5A880662A693B0F00D534EC /* Build configuration list for PBXNativeTarget "macOSApp" */;
			buildPhases = (
				F5A880542A693B0C00D534EC /* Sources */,
				F5A880552A693B0C00D534EC /* Frameworks */,
				F5A880562A693B0C00D534EC /* Resources */,
			);
			buildRules = (
			);
			dependencies = (
			);
			name = macOSApp;
			productName = macOSApp;
			productReference = F5A880582A693B0C00D534EC /* macOSApp.app */;
			productType = "com.apple.product-type.application";
		};
/* End PBXNativeTarget section */

/* Begin PBXProject section */
		12E4A73C285027F600B2380B /* Project object */ = {
			isa = PBXProject;
			attributes = {
				BuildIndependentTargetsInParallel = 1;
				LastSwiftUpdateCheck = 1500;
				LastUpgradeCheck = 1500;
				TargetAttributes = {
					12E4A743285027F600B2380B = {
						CreatedOnToolsVersion = 13.4;
					};
					F567E38C29F2A09A0026E12D = {
						CreatedOnToolsVersion = 14.3;
					};
					F5A880572A693B0C00D534EC = {
						CreatedOnToolsVersion = 15.0;
					};
				};
			};
			buildConfigurationList = 12E4A73F285027F600B2380B /* Build configuration list for PBXProject "AppTemplate" */;
			compatibilityVersion = "Xcode 13.0";
			developmentRegion = en;
			hasScannedForEncodings = 0;
			knownRegions = (
				en,
				Base,
				ja,
			);
			mainGroup = 12E4A73B285027F600B2380B;
			productRefGroup = 12E4A745285027F600B2380B /* Products */;
			projectDirPath = "";
			projectRoot = "";
			targets = (
				12E4A743285027F600B2380B /* AppTemplate */,
				F567E38C29F2A09A0026E12D /* AT Watch App */,
				F5A880572A693B0C00D534EC /* macOSApp */,
			);
		};
/* End PBXProject section */

/* Begin PBXResourcesBuildPhase section */
		12E4A742285027F600B2380B /* Resources */ = {
			isa = PBXResourcesBuildPhase;
			buildActionMask = 2147483647;
			files = (
				12DDDDAD288BF2E40055A073 /* Launch Screen.storyboard in Resources */,
				127ECB2E28614C0200CB1BC3 /* Configuration.storekit in Resources */,
				12E4A77128502F3A00B2380B /* InfoPlist.strings in Resources */,
				F583DC652A6D227900F02006 /* AD&InAppPurchase.xcstrings in Resources */,
				F583DC732A6D22F500F02006 /* AboutApp.xcstrings in Resources */,
				1299C386288D12760086522B /* 🌏VersionDescription.strings in Resources */,
				F583DC772A6D29F200F02006 /* Localizable.xcstrings in Resources */,
				1299C37B288CB8C30086522B /* 🌏AppStoreDescription.strings in Resources */,
				12E4A74C285027F700B2380B /* Assets.xcassets in Resources */,
			);
			runOnlyForDeploymentPostprocessing = 0;
		};
		F567E38B29F2A09A0026E12D /* Resources */ = {
			isa = PBXResourcesBuildPhase;
			buildActionMask = 2147483647;
			files = (
				F567E3A229F2A3030026E12D /* InfoPlist.strings in Resources */,
				F567E39429F2A09C0026E12D /* Assets.xcassets in Resources */,
				F583DC662A6D227900F02006 /* AD&InAppPurchase.xcstrings in Resources */,
				F583DC742A6D22F500F02006 /* AboutApp.xcstrings in Resources */,
			);
			runOnlyForDeploymentPostprocessing = 0;
		};
		F5A880562A693B0C00D534EC /* Resources */ = {
			isa = PBXResourcesBuildPhase;
			buildActionMask = 2147483647;
			files = (
				F583DC672A6D227900F02006 /* AD&InAppPurchase.xcstrings in Resources */,
				F583DC752A6D22F500F02006 /* AboutApp.xcstrings in Resources */,
				F5A8805F2A693B0F00D534EC /* Assets.xcassets in Resources */,
			);
			runOnlyForDeploymentPostprocessing = 0;
		};
/* End PBXResourcesBuildPhase section */

/* Begin PBXSourcesBuildPhase section */
		12E4A740285027F600B2380B /* Sources */ = {
			isa = PBXSourcesBuildPhase;
			buildActionMask = 2147483647;
			files = (
				12E4A75728502A2D00B2380B /* 📱AppModel_iOS.swift in Sources */,
				F5514EF329CD743E00FCA7EA /* ﹀DismissButton.swift in Sources */,
				F57B37F229726CE300F0BB91 /* 📣ADContent.swift in Sources */,
				F567E38829F27E180026E12D /* 🩹Workaround.swift in Sources */,
				12E4A74A285027F600B2380B /* ContentView_iOS.swift in Sources */,
				F501E9C72A6A2FF500E9F9A6 /* 🗒️StaticInfo.swift in Sources */,
				1256A33F286B174D002AF08A /* 🛠AppMenu.swift in Sources */,
				F557299729A08E4100C918C1 /* 💬RequestUserReview.swift in Sources */,
				F5936C1D2A6A90C30044B939 /* 🛒InAppPurchaseModel.swift in Sources */,
				127ECB2A286149EF00CB1BC3 /* 🛒InAppPurchaseView.swift in Sources */,
				F5936C192A6A90B10044B939 /* 📣ADModel.swift in Sources */,
				12E4A76328502C9F00B2380B /* ℹ️AboutApp.swift in Sources */,
				F5F2272129FE6B1900891C69 /* 🪧Sheet.swift in Sources */,
				127ECB2C28614B8B00CB1BC3 /* 📣ADView.swift in Sources */,
				F5936C212A6A92820044B939 /* 💬PrepareToRequestUserReview.swift in Sources */,
				12E4A748285027F600B2380B /* App_iOS.swift in Sources */,
			);
			runOnlyForDeploymentPostprocessing = 0;
		};
		F567E38929F2A09A0026E12D /* Sources */ = {
			isa = PBXSourcesBuildPhase;
			buildActionMask = 2147483647;
			files = (
				F5936C1A2A6A90B10044B939 /* 📣ADModel.swift in Sources */,
				F567E39229F2A09A0026E12D /* ContentView_watchOS.swift in Sources */,
				F5936C1E2A6A90C30044B939 /* 🛒InAppPurchaseModel.swift in Sources */,
				F567E39029F2A09A0026E12D /* App_watchOS.swift in Sources */,
				F501E9C82A6A2FF500E9F9A6 /* 🗒️StaticInfo.swift in Sources */,
			);
			runOnlyForDeploymentPostprocessing = 0;
		};
		F5A880542A693B0C00D534EC /* Sources */ = {
			isa = PBXSourcesBuildPhase;
			buildActionMask = 2147483647;
			files = (
				F5936C1B2A6A90B10044B939 /* 📣ADModel.swift in Sources */,
				F5936C1F2A6A90C30044B939 /* 🛒InAppPurchaseModel.swift in Sources */,
				F5A8805D2A693B0C00D534EC /* ContentView_macOS.swift in Sources */,
				F501E9C92A6A2FF500E9F9A6 /* 🗒️StaticInfo.swift in Sources */,
				F5A8805B2A693B0C00D534EC /* App_macOS.swift in Sources */,
			);
			runOnlyForDeploymentPostprocessing = 0;
		};
/* End PBXSourcesBuildPhase section */

/* Begin PBXTargetDependency section */
		F567E39929F2A09C0026E12D /* PBXTargetDependency */ = {
			isa = PBXTargetDependency;
			platformFilter = ios;
			target = F567E38C29F2A09A0026E12D /* AT Watch App */;
			targetProxy = F567E39829F2A09C0026E12D /* PBXContainerItemProxy */;
		};
/* End PBXTargetDependency section */

/* Begin PBXVariantGroup section */
		1299C37D288CB8C30086522B /* 🌏AppStoreDescription.strings */ = {
			isa = PBXVariantGroup;
			children = (
				1299C37C288CB8C30086522B /* en */,
				1299C37E288CB8C70086522B /* ja */,
			);
			name = "🌏AppStoreDescription.strings";
			sourceTree = "<group>";
		};
		1299C388288D12760086522B /* 🌏VersionDescription.strings */ = {
			isa = PBXVariantGroup;
			children = (
				1299C387288D12760086522B /* en */,
				1299C389288D127A0086522B /* ja */,
			);
			name = "🌏VersionDescription.strings";
			sourceTree = "<group>";
		};
		12E4A77328502F3A00B2380B /* InfoPlist.strings */ = {
			isa = PBXVariantGroup;
			children = (
				12E4A77228502F3A00B2380B /* en */,
				12E4A77428502F3B00B2380B /* ja */,
			);
			name = InfoPlist.strings;
			sourceTree = "<group>";
		};
/* End PBXVariantGroup section */

/* Begin XCBuildConfiguration section */
		12E4A750285027F700B2380B /* Debug */ = {
			isa = XCBuildConfiguration;
			buildSettings = {
				ALWAYS_SEARCH_USER_PATHS = NO;
				ASSETCATALOG_COMPILER_GENERATE_SWIFT_ASSET_SYMBOL_EXTENSIONS = YES;
				CLANG_ANALYZER_LOCALIZABILITY_NONLOCALIZED = YES;
				CLANG_ANALYZER_NONNULL = YES;
				CLANG_ANALYZER_NUMBER_OBJECT_CONVERSION = YES_AGGRESSIVE;
				CLANG_CXX_LANGUAGE_STANDARD = "gnu++17";
				CLANG_ENABLE_MODULES = YES;
				CLANG_ENABLE_OBJC_ARC = YES;
				CLANG_ENABLE_OBJC_WEAK = YES;
				CLANG_WARN_BLOCK_CAPTURE_AUTORELEASING = YES;
				CLANG_WARN_BOOL_CONVERSION = YES;
				CLANG_WARN_COMMA = YES;
				CLANG_WARN_CONSTANT_CONVERSION = YES;
				CLANG_WARN_DEPRECATED_OBJC_IMPLEMENTATIONS = YES;
				CLANG_WARN_DIRECT_OBJC_ISA_USAGE = YES_ERROR;
				CLANG_WARN_DOCUMENTATION_COMMENTS = YES;
				CLANG_WARN_EMPTY_BODY = YES;
				CLANG_WARN_ENUM_CONVERSION = YES;
				CLANG_WARN_INFINITE_RECURSION = YES;
				CLANG_WARN_INT_CONVERSION = YES;
				CLANG_WARN_NON_LITERAL_NULL_CONVERSION = YES;
				CLANG_WARN_OBJC_IMPLICIT_RETAIN_SELF = YES;
				CLANG_WARN_OBJC_LITERAL_CONVERSION = YES;
				CLANG_WARN_OBJC_ROOT_CLASS = YES_ERROR;
				CLANG_WARN_QUOTED_INCLUDE_IN_FRAMEWORK_HEADER = YES;
				CLANG_WARN_RANGE_LOOP_ANALYSIS = YES;
				CLANG_WARN_STRICT_PROTOTYPES = YES;
				CLANG_WARN_SUSPICIOUS_MOVE = YES;
				CLANG_WARN_UNGUARDED_AVAILABILITY = YES_AGGRESSIVE;
				CLANG_WARN_UNREACHABLE_CODE = YES;
				CLANG_WARN__DUPLICATE_METHOD_MATCH = YES;
				COPY_PHASE_STRIP = NO;
				DEBUG_INFORMATION_FORMAT = dwarf;
				ENABLE_STRICT_OBJC_MSGSEND = YES;
				ENABLE_TESTABILITY = YES;
				ENABLE_USER_SCRIPT_SANDBOXING = YES;
				GCC_C_LANGUAGE_STANDARD = gnu11;
				GCC_DYNAMIC_NO_PIC = NO;
				GCC_NO_COMMON_BLOCKS = YES;
				GCC_OPTIMIZATION_LEVEL = 0;
				GCC_PREPROCESSOR_DEFINITIONS = (
					"DEBUG=1",
					"$(inherited)",
				);
				GCC_WARN_64_TO_32_BIT_CONVERSION = YES;
				GCC_WARN_ABOUT_RETURN_TYPE = YES_ERROR;
				GCC_WARN_UNDECLARED_SELECTOR = YES;
				GCC_WARN_UNINITIALIZED_AUTOS = YES_AGGRESSIVE;
				GCC_WARN_UNUSED_FUNCTION = YES;
				GCC_WARN_UNUSED_VARIABLE = YES;
				IPHONEOS_DEPLOYMENT_TARGET = 16.0;
				MTL_ENABLE_DEBUG_INFO = INCLUDE_SOURCE;
				MTL_FAST_MATH = YES;
				ONLY_ACTIVE_ARCH = YES;
				SDKROOT = iphoneos;
				SWIFT_ACTIVE_COMPILATION_CONDITIONS = DEBUG;
				SWIFT_OPTIMIZATION_LEVEL = "-Onone";
			};
			name = Debug;
		};
		12E4A751285027F700B2380B /* Release */ = {
			isa = XCBuildConfiguration;
			buildSettings = {
				ALWAYS_SEARCH_USER_PATHS = NO;
				ASSETCATALOG_COMPILER_GENERATE_SWIFT_ASSET_SYMBOL_EXTENSIONS = YES;
				CLANG_ANALYZER_LOCALIZABILITY_NONLOCALIZED = YES;
				CLANG_ANALYZER_NONNULL = YES;
				CLANG_ANALYZER_NUMBER_OBJECT_CONVERSION = YES_AGGRESSIVE;
				CLANG_CXX_LANGUAGE_STANDARD = "gnu++17";
				CLANG_ENABLE_MODULES = YES;
				CLANG_ENABLE_OBJC_ARC = YES;
				CLANG_ENABLE_OBJC_WEAK = YES;
				CLANG_WARN_BLOCK_CAPTURE_AUTORELEASING = YES;
				CLANG_WARN_BOOL_CONVERSION = YES;
				CLANG_WARN_COMMA = YES;
				CLANG_WARN_CONSTANT_CONVERSION = YES;
				CLANG_WARN_DEPRECATED_OBJC_IMPLEMENTATIONS = YES;
				CLANG_WARN_DIRECT_OBJC_ISA_USAGE = YES_ERROR;
				CLANG_WARN_DOCUMENTATION_COMMENTS = YES;
				CLANG_WARN_EMPTY_BODY = YES;
				CLANG_WARN_ENUM_CONVERSION = YES;
				CLANG_WARN_INFINITE_RECURSION = YES;
				CLANG_WARN_INT_CONVERSION = YES;
				CLANG_WARN_NON_LITERAL_NULL_CONVERSION = YES;
				CLANG_WARN_OBJC_IMPLICIT_RETAIN_SELF = YES;
				CLANG_WARN_OBJC_LITERAL_CONVERSION = YES;
				CLANG_WARN_OBJC_ROOT_CLASS = YES_ERROR;
				CLANG_WARN_QUOTED_INCLUDE_IN_FRAMEWORK_HEADER = YES;
				CLANG_WARN_RANGE_LOOP_ANALYSIS = YES;
				CLANG_WARN_STRICT_PROTOTYPES = YES;
				CLANG_WARN_SUSPICIOUS_MOVE = YES;
				CLANG_WARN_UNGUARDED_AVAILABILITY = YES_AGGRESSIVE;
				CLANG_WARN_UNREACHABLE_CODE = YES;
				CLANG_WARN__DUPLICATE_METHOD_MATCH = YES;
				COPY_PHASE_STRIP = NO;
				DEBUG_INFORMATION_FORMAT = "dwarf-with-dsym";
				ENABLE_NS_ASSERTIONS = NO;
				ENABLE_STRICT_OBJC_MSGSEND = YES;
				ENABLE_USER_SCRIPT_SANDBOXING = YES;
				GCC_C_LANGUAGE_STANDARD = gnu11;
				GCC_NO_COMMON_BLOCKS = YES;
				GCC_WARN_64_TO_32_BIT_CONVERSION = YES;
				GCC_WARN_ABOUT_RETURN_TYPE = YES_ERROR;
				GCC_WARN_UNDECLARED_SELECTOR = YES;
				GCC_WARN_UNINITIALIZED_AUTOS = YES_AGGRESSIVE;
				GCC_WARN_UNUSED_FUNCTION = YES;
				GCC_WARN_UNUSED_VARIABLE = YES;
				IPHONEOS_DEPLOYMENT_TARGET = 16.0;
				MTL_ENABLE_DEBUG_INFO = NO;
				MTL_FAST_MATH = YES;
				SDKROOT = iphoneos;
				SWIFT_COMPILATION_MODE = wholemodule;
				SWIFT_OPTIMIZATION_LEVEL = "-O";
				VALIDATE_PRODUCT = YES;
			};
			name = Release;
		};
		12E4A753285027F700B2380B /* Debug */ = {
			isa = XCBuildConfiguration;
			buildSettings = {
				ALWAYS_EMBED_SWIFT_STANDARD_LIBRARIES = YES;
				ASSETCATALOG_COMPILER_APPICON_NAME = AppIcon;
				ASSETCATALOG_COMPILER_GLOBAL_ACCENT_COLOR_NAME = AccentColor;
				CODE_SIGN_ENTITLEMENTS = iOS/AppTemplate.entitlements;
				CODE_SIGN_STYLE = Automatic;
				CURRENT_PROJECT_VERSION = 4.0.1;
				DEVELOPMENT_ASSET_PATHS = "";
				DEVELOPMENT_TEAM = 6696GEY228;
				ENABLE_PREVIEWS = YES;
				GENERATE_INFOPLIST_FILE = YES;
				INFOPLIST_FILE = "iOS/🧩Sub/Info.plist";
				INFOPLIST_KEY_LSApplicationCategoryType = "public.app-category.developer-tools";
				INFOPLIST_KEY_UIApplicationSupportsIndirectInputEvents = YES;
				INFOPLIST_KEY_UILaunchScreen_Generation = YES;
				INFOPLIST_KEY_UILaunchStoryboardName = "Launch Screen";
				INFOPLIST_KEY_UISupportedInterfaceOrientations_iPad = "UIInterfaceOrientationPortrait UIInterfaceOrientationPortraitUpsideDown UIInterfaceOrientationLandscapeLeft UIInterfaceOrientationLandscapeRight";
				INFOPLIST_KEY_UISupportedInterfaceOrientations_iPhone = "UIInterfaceOrientationPortrait UIInterfaceOrientationLandscapeLeft UIInterfaceOrientationLandscapeRight";
				IPHONEOS_DEPLOYMENT_TARGET = 16.0;
				LD_RUNPATH_SEARCH_PATHS = (
					"$(inherited)",
					"@executable_path/Frameworks",
				);
				MARKETING_VERSION = 1.2;
				PRODUCT_BUNDLE_IDENTIFIER = net.aaaakkkkssssttttnnnn.AppTemplate;
				PRODUCT_NAME = "$(TARGET_NAME)";
				SUPPORTED_PLATFORMS = "iphoneos iphonesimulator";
				SUPPORTS_MACCATALYST = YES;
				SUPPORTS_MAC_DESIGNED_FOR_IPHONE_IPAD = NO;
				SWIFT_EMIT_LOC_STRINGS = YES;
				SWIFT_VERSION = 5.0;
				TARGETED_DEVICE_FAMILY = "1,2";
			};
			name = Debug;
		};
		12E4A754285027F700B2380B /* Release */ = {
			isa = XCBuildConfiguration;
			buildSettings = {
				ALWAYS_EMBED_SWIFT_STANDARD_LIBRARIES = YES;
				ASSETCATALOG_COMPILER_APPICON_NAME = AppIcon;
				ASSETCATALOG_COMPILER_GLOBAL_ACCENT_COLOR_NAME = AccentColor;
				CODE_SIGN_ENTITLEMENTS = iOS/AppTemplate.entitlements;
				CODE_SIGN_STYLE = Automatic;
				CURRENT_PROJECT_VERSION = 4.0.1;
				DEVELOPMENT_ASSET_PATHS = "";
				DEVELOPMENT_TEAM = 6696GEY228;
				ENABLE_PREVIEWS = YES;
				GENERATE_INFOPLIST_FILE = YES;
				INFOPLIST_FILE = "iOS/🧩Sub/Info.plist";
				INFOPLIST_KEY_LSApplicationCategoryType = "public.app-category.developer-tools";
				INFOPLIST_KEY_UIApplicationSupportsIndirectInputEvents = YES;
				INFOPLIST_KEY_UILaunchScreen_Generation = YES;
				INFOPLIST_KEY_UILaunchStoryboardName = "Launch Screen";
				INFOPLIST_KEY_UISupportedInterfaceOrientations_iPad = "UIInterfaceOrientationPortrait UIInterfaceOrientationPortraitUpsideDown UIInterfaceOrientationLandscapeLeft UIInterfaceOrientationLandscapeRight";
				INFOPLIST_KEY_UISupportedInterfaceOrientations_iPhone = "UIInterfaceOrientationPortrait UIInterfaceOrientationLandscapeLeft UIInterfaceOrientationLandscapeRight";
				IPHONEOS_DEPLOYMENT_TARGET = 16.0;
				LD_RUNPATH_SEARCH_PATHS = (
					"$(inherited)",
					"@executable_path/Frameworks",
				);
				MARKETING_VERSION = 1.2;
				PRODUCT_BUNDLE_IDENTIFIER = net.aaaakkkkssssttttnnnn.AppTemplate;
				PRODUCT_NAME = "$(TARGET_NAME)";
				SUPPORTED_PLATFORMS = "iphoneos iphonesimulator";
				SUPPORTS_MACCATALYST = YES;
				SUPPORTS_MAC_DESIGNED_FOR_IPHONE_IPAD = NO;
				SWIFT_EMIT_LOC_STRINGS = YES;
				SWIFT_VERSION = 5.0;
				TARGETED_DEVICE_FAMILY = "1,2";
			};
			name = Release;
		};
		F567E39C29F2A09C0026E12D /* Debug */ = {
			isa = XCBuildConfiguration;
			buildSettings = {
				ASSETCATALOG_COMPILER_APPICON_NAME = AppIcon;
				ASSETCATALOG_COMPILER_GLOBAL_ACCENT_COLOR_NAME = AccentColor;
				CLANG_CXX_LANGUAGE_STANDARD = "gnu++20";
				CODE_SIGN_STYLE = Automatic;
				CURRENT_PROJECT_VERSION = 1;
				DEVELOPMENT_ASSET_PATHS = "";
				DEVELOPMENT_TEAM = 6696GEY228;
				ENABLE_PREVIEWS = YES;
				GENERATE_INFOPLIST_FILE = YES;
				INFOPLIST_KEY_CFBundleDisplayName = AT;
				INFOPLIST_KEY_UISupportedInterfaceOrientations = "UIInterfaceOrientationPortrait UIInterfaceOrientationPortraitUpsideDown";
				INFOPLIST_KEY_WKCompanionAppBundleIdentifier = net.aaaakkkkssssttttnnnn.AppTemplate;
				LD_RUNPATH_SEARCH_PATHS = (
					"$(inherited)",
					"@executable_path/Frameworks",
				);
				MARKETING_VERSION = 1.0;
				PRODUCT_BUNDLE_IDENTIFIER = net.aaaakkkkssssttttnnnn.AppTemplate.watchkitapp;
				PRODUCT_NAME = "$(TARGET_NAME)";
				SDKROOT = watchos;
				SKIP_INSTALL = YES;
				SWIFT_EMIT_LOC_STRINGS = YES;
				SWIFT_VERSION = 5.0;
				TARGETED_DEVICE_FAMILY = 4;
				WATCHOS_DEPLOYMENT_TARGET = 9.4;
			};
			name = Debug;
		};
		F567E39D29F2A09C0026E12D /* Release */ = {
			isa = XCBuildConfiguration;
			buildSettings = {
				ASSETCATALOG_COMPILER_APPICON_NAME = AppIcon;
				ASSETCATALOG_COMPILER_GLOBAL_ACCENT_COLOR_NAME = AccentColor;
				CLANG_CXX_LANGUAGE_STANDARD = "gnu++20";
				CODE_SIGN_STYLE = Automatic;
				CURRENT_PROJECT_VERSION = 1;
				DEVELOPMENT_ASSET_PATHS = "";
				DEVELOPMENT_TEAM = 6696GEY228;
				ENABLE_PREVIEWS = YES;
				GENERATE_INFOPLIST_FILE = YES;
				INFOPLIST_KEY_CFBundleDisplayName = AT;
				INFOPLIST_KEY_UISupportedInterfaceOrientations = "UIInterfaceOrientationPortrait UIInterfaceOrientationPortraitUpsideDown";
				INFOPLIST_KEY_WKCompanionAppBundleIdentifier = net.aaaakkkkssssttttnnnn.AppTemplate;
				LD_RUNPATH_SEARCH_PATHS = (
					"$(inherited)",
					"@executable_path/Frameworks",
				);
				MARKETING_VERSION = 1.0;
				PRODUCT_BUNDLE_IDENTIFIER = net.aaaakkkkssssttttnnnn.AppTemplate.watchkitapp;
				PRODUCT_NAME = "$(TARGET_NAME)";
				SDKROOT = watchos;
				SKIP_INSTALL = YES;
				SWIFT_EMIT_LOC_STRINGS = YES;
				SWIFT_VERSION = 5.0;
				TARGETED_DEVICE_FAMILY = 4;
				WATCHOS_DEPLOYMENT_TARGET = 9.4;
			};
			name = Release;
		};
		F5A880642A693B0F00D534EC /* Debug */ = {
			isa = XCBuildConfiguration;
			buildSettings = {
				ASSETCATALOG_COMPILER_APPICON_NAME = AppIcon;
				ASSETCATALOG_COMPILER_GLOBAL_ACCENT_COLOR_NAME = AccentColor;
				CLANG_CXX_LANGUAGE_STANDARD = "gnu++20";
				CODE_SIGN_ENTITLEMENTS = macOS/macOSApp.entitlements;
				CODE_SIGN_STYLE = Automatic;
				COMBINE_HIDPI_IMAGES = YES;
				CURRENT_PROJECT_VERSION = 1;
				DEVELOPMENT_ASSET_PATHS = "";
				DEVELOPMENT_TEAM = 6696GEY228;
				ENABLE_HARDENED_RUNTIME = YES;
				ENABLE_PREVIEWS = YES;
				GCC_C_LANGUAGE_STANDARD = gnu17;
				GENERATE_INFOPLIST_FILE = YES;
				INFOPLIST_KEY_NSHumanReadableCopyright = "";
				LD_RUNPATH_SEARCH_PATHS = (
					"$(inherited)",
					"@executable_path/../Frameworks",
				);
				LOCALIZATION_PREFERS_STRING_CATALOGS = YES;
				MACOSX_DEPLOYMENT_TARGET = 13.4;
				MARKETING_VERSION = 1.0;
				PRODUCT_BUNDLE_IDENTIFIER = net.aaaakkkkssssttttnnnn.AppTemplate;
				PRODUCT_NAME = "$(TARGET_NAME)";
				SDKROOT = macosx;
				SWIFT_ACTIVE_COMPILATION_CONDITIONS = "DEBUG $(inherited)";
				SWIFT_EMIT_LOC_STRINGS = YES;
				SWIFT_VERSION = 5.0;
			};
			name = Debug;
		};
		F5A880652A693B0F00D534EC /* Release */ = {
			isa = XCBuildConfiguration;
			buildSettings = {
				ASSETCATALOG_COMPILER_APPICON_NAME = AppIcon;
				ASSETCATALOG_COMPILER_GLOBAL_ACCENT_COLOR_NAME = AccentColor;
				CLANG_CXX_LANGUAGE_STANDARD = "gnu++20";
				CODE_SIGN_ENTITLEMENTS = macOS/macOSApp.entitlements;
				CODE_SIGN_STYLE = Automatic;
				COMBINE_HIDPI_IMAGES = YES;
				CURRENT_PROJECT_VERSION = 1;
				DEVELOPMENT_ASSET_PATHS = "";
				DEVELOPMENT_TEAM = 6696GEY228;
				ENABLE_HARDENED_RUNTIME = YES;
				ENABLE_PREVIEWS = YES;
				GCC_C_LANGUAGE_STANDARD = gnu17;
				GENERATE_INFOPLIST_FILE = YES;
				INFOPLIST_KEY_NSHumanReadableCopyright = "";
				LD_RUNPATH_SEARCH_PATHS = (
					"$(inherited)",
					"@executable_path/../Frameworks",
				);
				LOCALIZATION_PREFERS_STRING_CATALOGS = YES;
				MACOSX_DEPLOYMENT_TARGET = 13.4;
				MARKETING_VERSION = 1.0;
				PRODUCT_BUNDLE_IDENTIFIER = net.aaaakkkkssssttttnnnn.AppTemplate;
				PRODUCT_NAME = "$(TARGET_NAME)";
				SDKROOT = macosx;
				SWIFT_EMIT_LOC_STRINGS = YES;
				SWIFT_VERSION = 5.0;
			};
			name = Release;
		};
/* End XCBuildConfiguration section */

/* Begin XCConfigurationList section */
		12E4A73F285027F600B2380B /* Build configuration list for PBXProject "AppTemplate" */ = {
			isa = XCConfigurationList;
			buildConfigurations = (
				12E4A750285027F700B2380B /* Debug */,
				12E4A751285027F700B2380B /* Release */,
			);
			defaultConfigurationIsVisible = 0;
			defaultConfigurationName = Release;
		};
		12E4A752285027F700B2380B /* Build configuration list for PBXNativeTarget "AppTemplate" */ = {
			isa = XCConfigurationList;
			buildConfigurations = (
				12E4A753285027F700B2380B /* Debug */,
				12E4A754285027F700B2380B /* Release */,
			);
			defaultConfigurationIsVisible = 0;
			defaultConfigurationName = Release;
		};
		F567E39B29F2A09C0026E12D /* Build configuration list for PBXNativeTarget "AT Watch App" */ = {
			isa = XCConfigurationList;
			buildConfigurations = (
				F567E39C29F2A09C0026E12D /* Debug */,
				F567E39D29F2A09C0026E12D /* Release */,
			);
			defaultConfigurationIsVisible = 0;
			defaultConfigurationName = Release;
		};
		F5A880662A693B0F00D534EC /* Build configuration list for PBXNativeTarget "macOSApp" */ = {
			isa = XCConfigurationList;
			buildConfigurations = (
				F5A880642A693B0F00D534EC /* Debug */,
				F5A880652A693B0F00D534EC /* Release */,
			);
			defaultConfigurationIsVisible = 0;
			defaultConfigurationName = Release;
		};
/* End XCConfigurationList section */
	};
	rootObject = 12E4A73C285027F600B2380B /* Project object */;
}
