// !$*UTF8*$!
{
	archiveVersion = 1;
	classes = {
	};
	objectVersion = 55;
	objects = {

/* Begin PBXBuildFile section */
		1220AD0C286C03CC00F07278 /* 🩻TransparencyReport.swift in Sources */ = {isa = PBXBuildFile; fileRef = 1220AD0B286C03CC00F07278 /* 🩻TransparencyReport.swift */; };
		1256A33F286B174D002AF08A /* 🛠AppMenu.swift in Sources */ = {isa = PBXBuildFile; fileRef = 1256A33E286B174D002AF08A /* 🛠AppMenu.swift */; };
		1256A340286B180C002AF08A /* 🛠AppMenu.swift in CopyFiles */ = {isa = PBXBuildFile; fileRef = 1256A33E286B174D002AF08A /* 🛠AppMenu.swift */; };
		12724D702862DEB0008471AB /* StoreKit.framework in Frameworks */ = {isa = PBXBuildFile; fileRef = 12724D6F2862DEB0008471AB /* StoreKit.framework */; };
		127ECB2A286149EF00CB1BC3 /* 🛒InAppPurchase.swift in Sources */ = {isa = PBXBuildFile; fileRef = 127ECB28286149EF00CB1BC3 /* 🛒InAppPurchase.swift */; };
		127ECB2C28614B8B00CB1BC3 /* 📣AD.swift in Sources */ = {isa = PBXBuildFile; fileRef = 127ECB2B28614B8B00CB1BC3 /* 📣AD.swift */; };
		127ECB2E28614C0200CB1BC3 /* Configuration.storekit in Resources */ = {isa = PBXBuildFile; fileRef = 127ECB2D28614C0200CB1BC3 /* Configuration.storekit */; };
		1299C37B288CB8C30086522B /* 🌏AppStoreDescription.strings in Resources */ = {isa = PBXBuildFile; fileRef = 1299C37D288CB8C30086522B /* 🌏AppStoreDescription.strings */; };
		1299C386288D12760086522B /* 🌏VersionDescription.strings in Resources */ = {isa = PBXBuildFile; fileRef = 1299C388288D12760086522B /* 🌏VersionDescription.strings */; };
		1299C38C288D194B0086522B /* WorkInProgress.strings in Resources */ = {isa = PBXBuildFile; fileRef = 1299C38E288D194B0086522B /* WorkInProgress.strings */; };
		1299C39C288D650C0086522B /* 🛠MenuButton.swift in Sources */ = {isa = PBXBuildFile; fileRef = 1299C39B288D650C0086522B /* 🛠MenuButton.swift */; };
		12A605A5289219B30001DE23 /* 🔠BiggerSystemFontTest.swift in Sources */ = {isa = PBXBuildFile; fileRef = 12A605A4289219B30001DE23 /* 🔠BiggerSystemFontTest.swift */; };
		12C67132286069ED00FE4C06 /* ℹ️AboutAppMenu.swift in CopyFiles */ = {isa = PBXBuildFile; fileRef = 12E4A76028502C9F00B2380B /* ℹ️AboutAppMenu.swift */; };
		12C67133286069ED00FE4C06 /* 📓SourceCodeMenu.swift in CopyFiles */ = {isa = PBXBuildFile; fileRef = 12E4A75F28502C9F00B2380B /* 📓SourceCodeMenu.swift */; };
		12D4368528656B4400B707F5 /* 🖨printLog.swift in Sources */ = {isa = PBXBuildFile; fileRef = 12D4368428656B4400B707F5 /* 🖨printLog.swift */; };
		12D4368628656CC800B707F5 /* 🖨printLog.swift in CopyFiles */ = {isa = PBXBuildFile; fileRef = 12D4368428656B4400B707F5 /* 🖨printLog.swift */; };
		12D436872865766300B707F5 /* 🔗OpenSystemSetting.swift in CopyFiles */ = {isa = PBXBuildFile; fileRef = 12DDD5442861D6B2004F59A0 /* 🔗OpenSystemSetting.swift */; };
		12DDD5452861D6B2004F59A0 /* 🔗OpenSystemSetting.swift in Sources */ = {isa = PBXBuildFile; fileRef = 12DDD5442861D6B2004F59A0 /* 🔗OpenSystemSetting.swift */; };
		12DDDDAD288BF2E40055A073 /* Launch Screen.storyboard in Resources */ = {isa = PBXBuildFile; fileRef = 12DDDDAC288BF2E40055A073 /* Launch Screen.storyboard */; };
		12E4A748285027F600B2380B /* AppTemplateApp.swift in Sources */ = {isa = PBXBuildFile; fileRef = 12E4A747285027F600B2380B /* AppTemplateApp.swift */; };
		12E4A74A285027F600B2380B /* ContentView.swift in Sources */ = {isa = PBXBuildFile; fileRef = 12E4A749285027F600B2380B /* ContentView.swift */; };
		12E4A74C285027F700B2380B /* Assets.xcassets in Resources */ = {isa = PBXBuildFile; fileRef = 12E4A74B285027F700B2380B /* Assets.xcassets */; };
		12E4A74F285027F700B2380B /* Preview Assets.xcassets in Resources */ = {isa = PBXBuildFile; fileRef = 12E4A74E285027F700B2380B /* Preview Assets.xcassets */; };
		12E4A75728502A2D00B2380B /* 📱AppModel.swift in Sources */ = {isa = PBXBuildFile; fileRef = 12E4A75628502A2D00B2380B /* 📱AppModel.swift */; };
		12E4A76228502C9F00B2380B /* 📓SourceCodeMenu.swift in Sources */ = {isa = PBXBuildFile; fileRef = 12E4A75F28502C9F00B2380B /* 📓SourceCodeMenu.swift */; };
		12E4A76328502C9F00B2380B /* ℹ️AboutAppMenu.swift in Sources */ = {isa = PBXBuildFile; fileRef = 12E4A76028502C9F00B2380B /* ℹ️AboutAppMenu.swift */; };
		12E4A76528502D7200B2380B /* AppTemplateApp.swift in CopyFiles */ = {isa = PBXBuildFile; fileRef = 12E4A747285027F600B2380B /* AppTemplateApp.swift */; };
		12E4A76628502D7200B2380B /* ContentView.swift in CopyFiles */ = {isa = PBXBuildFile; fileRef = 12E4A749285027F600B2380B /* ContentView.swift */; };
		12E4A76728502D7200B2380B /* 📱AppModel.swift in CopyFiles */ = {isa = PBXBuildFile; fileRef = 12E4A75628502A2D00B2380B /* 📱AppModel.swift */; };
		12E4A76B28502EDE00B2380B /* Localizable.strings in Resources */ = {isa = PBXBuildFile; fileRef = 12E4A76D28502EDE00B2380B /* Localizable.strings */; };
		12E4A77128502F3A00B2380B /* InfoPlist.strings in Resources */ = {isa = PBXBuildFile; fileRef = 12E4A77328502F3A00B2380B /* InfoPlist.strings */; };
		F52D4ECD28F005C4007A45CD /* 📣ADBanner.swift in Sources */ = {isa = PBXBuildFile; fileRef = F52D4ECC28F005C4007A45CD /* 📣ADBanner.swift */; };
		F556941E28CC2F72004558FC /* 📣AD.swift in CopyFiles */ = {isa = PBXBuildFile; fileRef = 127ECB2B28614B8B00CB1BC3 /* 📣AD.swift */; };
		F556942028CC2F7D004558FC /* 🛒InAppPurchase.swift in CopyFiles */ = {isa = PBXBuildFile; fileRef = 127ECB28286149EF00CB1BC3 /* 🛒InAppPurchase.swift */; };
/* End PBXBuildFile section */

/* Begin PBXCopyFilesBuildPhase section */
		12C6712E286069CE00FE4C06 /* CopyFiles */ = {
			isa = PBXCopyFilesBuildPhase;
			buildActionMask = 2147483647;
			dstPath = "🧰Others";
			dstSubfolderSpec = 7;
			files = (
				F556942028CC2F7D004558FC /* 🛒InAppPurchase.swift in CopyFiles */,
				F556941E28CC2F72004558FC /* 📣AD.swift in CopyFiles */,
				12C67132286069ED00FE4C06 /* ℹ️AboutAppMenu.swift in CopyFiles */,
				12C67133286069ED00FE4C06 /* 📓SourceCodeMenu.swift in CopyFiles */,
			);
			runOnlyForDeploymentPostprocessing = 0;
		};
		12DDD56D2861DAF5004F59A0 /* CopyFiles */ = {
			isa = PBXCopyFilesBuildPhase;
			buildActionMask = 2147483647;
			dstPath = "🧩Sub";
			dstSubfolderSpec = 7;
			files = (
				1256A340286B180C002AF08A /* 🛠AppMenu.swift in CopyFiles */,
				12D436872865766300B707F5 /* 🔗OpenSystemSetting.swift in CopyFiles */,
				12D4368628656CC800B707F5 /* 🖨printLog.swift in CopyFiles */,
			);
			runOnlyForDeploymentPostprocessing = 0;
		};
		12E4A76428502D5E00B2380B /* CopyFiles */ = {
			isa = PBXCopyFilesBuildPhase;
			buildActionMask = 2147483647;
			dstPath = main;
			dstSubfolderSpec = 7;
			files = (
				12E4A76528502D7200B2380B /* AppTemplateApp.swift in CopyFiles */,
				12E4A76628502D7200B2380B /* ContentView.swift in CopyFiles */,
				12E4A76728502D7200B2380B /* 📱AppModel.swift in CopyFiles */,
			);
			runOnlyForDeploymentPostprocessing = 0;
		};
/* End PBXCopyFilesBuildPhase section */

/* Begin PBXFileReference section */
		1220AD0B286C03CC00F07278 /* 🩻TransparencyReport.swift */ = {isa = PBXFileReference; lastKnownFileType = sourcecode.swift; path = "🩻TransparencyReport.swift"; sourceTree = "<group>"; };
		1256A33E286B174D002AF08A /* 🛠AppMenu.swift */ = {isa = PBXFileReference; lastKnownFileType = sourcecode.swift; path = "🛠AppMenu.swift"; sourceTree = "<group>"; };
		12724D6F2862DEB0008471AB /* StoreKit.framework */ = {isa = PBXFileReference; lastKnownFileType = wrapper.framework; name = StoreKit.framework; path = System/Library/Frameworks/StoreKit.framework; sourceTree = SDKROOT; };
		127ECB28286149EF00CB1BC3 /* 🛒InAppPurchase.swift */ = {isa = PBXFileReference; fileEncoding = 4; lastKnownFileType = sourcecode.swift; path = "🛒InAppPurchase.swift"; sourceTree = "<group>"; };
		127ECB2B28614B8B00CB1BC3 /* 📣AD.swift */ = {isa = PBXFileReference; fileEncoding = 4; lastKnownFileType = sourcecode.swift; path = "📣AD.swift"; sourceTree = "<group>"; };
		127ECB2D28614C0200CB1BC3 /* Configuration.storekit */ = {isa = PBXFileReference; fileEncoding = 4; lastKnownFileType = text; path = Configuration.storekit; sourceTree = "<group>"; };
		1299C37C288CB8C30086522B /* en */ = {isa = PBXFileReference; lastKnownFileType = text.plist.strings; name = en; path = "en.lproj/🌏AppStoreDescription.strings"; sourceTree = "<group>"; };
		1299C37E288CB8C70086522B /* ja */ = {isa = PBXFileReference; lastKnownFileType = text.plist.strings; name = ja; path = "ja.lproj/🌏AppStoreDescription.strings"; sourceTree = "<group>"; };
		1299C387288D12760086522B /* en */ = {isa = PBXFileReference; lastKnownFileType = text.plist.strings; name = en; path = "en.lproj/🌏VersionDescription.strings"; sourceTree = "<group>"; };
		1299C389288D127A0086522B /* ja */ = {isa = PBXFileReference; lastKnownFileType = text.plist.strings; name = ja; path = "ja.lproj/🌏VersionDescription.strings"; sourceTree = "<group>"; };
		1299C38D288D194B0086522B /* en */ = {isa = PBXFileReference; lastKnownFileType = text.plist.strings; name = en; path = en.lproj/WorkInProgress.strings; sourceTree = "<group>"; };
		1299C38F288D19500086522B /* ja */ = {isa = PBXFileReference; lastKnownFileType = text.plist.strings; name = ja; path = ja.lproj/WorkInProgress.strings; sourceTree = "<group>"; };
		1299C39B288D650C0086522B /* 🛠MenuButton.swift */ = {isa = PBXFileReference; lastKnownFileType = sourcecode.swift; path = "🛠MenuButton.swift"; sourceTree = "<group>"; };
		12A605A4289219B30001DE23 /* 🔠BiggerSystemFontTest.swift */ = {isa = PBXFileReference; lastKnownFileType = sourcecode.swift; path = "🔠BiggerSystemFontTest.swift"; sourceTree = "<group>"; };
		12D4368428656B4400B707F5 /* 🖨printLog.swift */ = {isa = PBXFileReference; lastKnownFileType = sourcecode.swift; path = "🖨printLog.swift"; sourceTree = "<group>"; };
		12DDD5442861D6B2004F59A0 /* 🔗OpenSystemSetting.swift */ = {isa = PBXFileReference; lastKnownFileType = sourcecode.swift; path = "🔗OpenSystemSetting.swift"; sourceTree = "<group>"; };
		12DDDDAC288BF2E40055A073 /* Launch Screen.storyboard */ = {isa = PBXFileReference; lastKnownFileType = file.storyboard; path = "Launch Screen.storyboard"; sourceTree = "<group>"; };
		12E4A744285027F600B2380B /* AppTemplate.app */ = {isa = PBXFileReference; explicitFileType = wrapper.application; includeInIndex = 0; path = AppTemplate.app; sourceTree = BUILT_PRODUCTS_DIR; };
		12E4A747285027F600B2380B /* AppTemplateApp.swift */ = {isa = PBXFileReference; lastKnownFileType = sourcecode.swift; path = AppTemplateApp.swift; sourceTree = "<group>"; };
		12E4A749285027F600B2380B /* ContentView.swift */ = {isa = PBXFileReference; lastKnownFileType = sourcecode.swift; path = ContentView.swift; sourceTree = "<group>"; };
		12E4A74B285027F700B2380B /* Assets.xcassets */ = {isa = PBXFileReference; lastKnownFileType = folder.assetcatalog; path = Assets.xcassets; sourceTree = "<group>"; };
		12E4A74E285027F700B2380B /* Preview Assets.xcassets */ = {isa = PBXFileReference; lastKnownFileType = folder.assetcatalog; path = "Preview Assets.xcassets"; sourceTree = "<group>"; };
		12E4A755285028C800B2380B /* README.md */ = {isa = PBXFileReference; lastKnownFileType = net.daringfireball.markdown; path = README.md; sourceTree = "<group>"; };
		12E4A75628502A2D00B2380B /* 📱AppModel.swift */ = {isa = PBXFileReference; lastKnownFileType = sourcecode.swift; path = "📱AppModel.swift"; sourceTree = "<group>"; };
		12E4A75F28502C9F00B2380B /* 📓SourceCodeMenu.swift */ = {isa = PBXFileReference; fileEncoding = 4; lastKnownFileType = sourcecode.swift; path = "📓SourceCodeMenu.swift"; sourceTree = "<group>"; };
		12E4A76028502C9F00B2380B /* ℹ️AboutAppMenu.swift */ = {isa = PBXFileReference; fileEncoding = 4; lastKnownFileType = sourcecode.swift; path = "ℹ️AboutAppMenu.swift"; sourceTree = "<group>"; };
		12E4A76C28502EDE00B2380B /* en */ = {isa = PBXFileReference; lastKnownFileType = text.plist.strings; name = en; path = en.lproj/Localizable.strings; sourceTree = "<group>"; };
		12E4A76E28502EE100B2380B /* ja */ = {isa = PBXFileReference; lastKnownFileType = text.plist.strings; name = ja; path = ja.lproj/Localizable.strings; sourceTree = "<group>"; };
		12E4A77228502F3A00B2380B /* en */ = {isa = PBXFileReference; lastKnownFileType = text.plist.strings; name = en; path = en.lproj/InfoPlist.strings; sourceTree = "<group>"; };
		12E4A77428502F3B00B2380B /* ja */ = {isa = PBXFileReference; lastKnownFileType = text.plist.strings; name = ja; path = ja.lproj/InfoPlist.strings; sourceTree = "<group>"; };
		F52D4ECC28F005C4007A45CD /* 📣ADBanner.swift */ = {isa = PBXFileReference; lastKnownFileType = sourcecode.swift; path = "📣ADBanner.swift"; sourceTree = "<group>"; };
/* End PBXFileReference section */

/* Begin PBXFrameworksBuildPhase section */
		12E4A741285027F600B2380B /* Frameworks */ = {
			isa = PBXFrameworksBuildPhase;
			buildActionMask = 2147483647;
			files = (
				12724D702862DEB0008471AB /* StoreKit.framework in Frameworks */,
			);
			runOnlyForDeploymentPostprocessing = 0;
		};
/* End PBXFrameworksBuildPhase section */

/* Begin PBXGroup section */
		12724D6E2862DEB0008471AB /* Frameworks */ = {
			isa = PBXGroup;
			children = (
				12724D6F2862DEB0008471AB /* StoreKit.framework */,
			);
			name = Frameworks;
			sourceTree = "<group>";
		};
		127ECB25286149B400CB1BC3 /* 🧩Sub */ = {
			isa = PBXGroup;
			children = (
				12D4368428656B4400B707F5 /* 🖨printLog.swift */,
				12DDD5442861D6B2004F59A0 /* 🔗OpenSystemSetting.swift */,
				F52D4ECC28F005C4007A45CD /* 📣ADBanner.swift */,
				12A605A4289219B30001DE23 /* 🔠BiggerSystemFontTest.swift */,
				1299C39B288D650C0086522B /* 🛠MenuButton.swift */,
				1256A33E286B174D002AF08A /* 🛠AppMenu.swift */,
				12E4A74D285027F700B2380B /* Preview Content */,
			);
			path = "🧩Sub";
			sourceTree = "<group>";
		};
		1299C381288CC2BE0086522B /* ⚠️WorkInProgress */ = {
			isa = PBXGroup;
			children = (
				1220AD0B286C03CC00F07278 /* 🩻TransparencyReport.swift */,
				1299C38E288D194B0086522B /* WorkInProgress.strings */,
			);
			path = "⚠️WorkInProgress";
			sourceTree = "<group>";
		};
		12E4A73B285027F600B2380B = {
			isa = PBXGroup;
			children = (
				12E4A755285028C800B2380B /* README.md */,
				12E4A746285027F600B2380B /* AppTemplate */,
				12E4A745285027F600B2380B /* Products */,
				12724D6E2862DEB0008471AB /* Frameworks */,
			);
			sourceTree = "<group>";
		};
		12E4A745285027F600B2380B /* Products */ = {
			isa = PBXGroup;
			children = (
				12E4A744285027F600B2380B /* AppTemplate.app */,
			);
			name = Products;
			sourceTree = "<group>";
		};
		12E4A746285027F600B2380B /* AppTemplate */ = {
			isa = PBXGroup;
			children = (
				12E4A747285027F600B2380B /* AppTemplateApp.swift */,
				12E4A749285027F600B2380B /* ContentView.swift */,
				12E4A75628502A2D00B2380B /* 📱AppModel.swift */,
				127ECB25286149B400CB1BC3 /* 🧩Sub */,
				12E4A75828502AF800B2380B /* 🧰Others */,
				12E4A76828502EA600B2380B /* 🌏Localization */,
				12E4A74B285027F700B2380B /* Assets.xcassets */,
				1299C381288CC2BE0086522B /* ⚠️WorkInProgress */,
			);
			path = AppTemplate;
			sourceTree = "<group>";
		};
		12E4A74D285027F700B2380B /* Preview Content */ = {
			isa = PBXGroup;
			children = (
				12E4A74E285027F700B2380B /* Preview Assets.xcassets */,
			);
			path = "Preview Content";
			sourceTree = "<group>";
		};
		12E4A75828502AF800B2380B /* 🧰Others */ = {
			isa = PBXGroup;
			children = (
				12E4A76028502C9F00B2380B /* ℹ️AboutAppMenu.swift */,
				12E4A75F28502C9F00B2380B /* 📓SourceCodeMenu.swift */,
				127ECB2B28614B8B00CB1BC3 /* 📣AD.swift */,
				127ECB28286149EF00CB1BC3 /* 🛒InAppPurchase.swift */,
				127ECB2D28614C0200CB1BC3 /* Configuration.storekit */,
				12DDDDAC288BF2E40055A073 /* Launch Screen.storyboard */,
			);
			path = "🧰Others";
			sourceTree = "<group>";
		};
		12E4A76828502EA600B2380B /* 🌏Localization */ = {
			isa = PBXGroup;
			children = (
				12E4A76D28502EDE00B2380B /* Localizable.strings */,
				12E4A77328502F3A00B2380B /* InfoPlist.strings */,
				1299C37D288CB8C30086522B /* 🌏AppStoreDescription.strings */,
				1299C388288D12760086522B /* 🌏VersionDescription.strings */,
			);
			path = "🌏Localization";
			sourceTree = "<group>";
		};
/* End PBXGroup section */

/* Begin PBXNativeTarget section */
		12E4A743285027F600B2380B /* AppTemplate */ = {
			isa = PBXNativeTarget;
			buildConfigurationList = 12E4A752285027F700B2380B /* Build configuration list for PBXNativeTarget "AppTemplate" */;
			buildPhases = (
				12E4A740285027F600B2380B /* Sources */,
				12E4A741285027F600B2380B /* Frameworks */,
				12E4A742285027F600B2380B /* Resources */,
				12E4A76428502D5E00B2380B /* CopyFiles */,
				12DDD56D2861DAF5004F59A0 /* CopyFiles */,
				12C6712E286069CE00FE4C06 /* CopyFiles */,
			);
			buildRules = (
			);
			dependencies = (
			);
			name = AppTemplate;
			productName = AppTemplate;
			productReference = 12E4A744285027F600B2380B /* AppTemplate.app */;
			productType = "com.apple.product-type.application";
		};
/* End PBXNativeTarget section */

/* Begin PBXProject section */
		12E4A73C285027F600B2380B /* Project object */ = {
			isa = PBXProject;
			attributes = {
				BuildIndependentTargetsInParallel = 1;
				LastSwiftUpdateCheck = 1340;
				LastUpgradeCheck = 1400;
				TargetAttributes = {
					12E4A743285027F600B2380B = {
						CreatedOnToolsVersion = 13.4;
					};
				};
			};
			buildConfigurationList = 12E4A73F285027F600B2380B /* Build configuration list for PBXProject "AppTemplate" */;
			compatibilityVersion = "Xcode 13.0";
			developmentRegion = en;
			hasScannedForEncodings = 0;
			knownRegions = (
				en,
				Base,
				ja,
			);
			mainGroup = 12E4A73B285027F600B2380B;
			productRefGroup = 12E4A745285027F600B2380B /* Products */;
			projectDirPath = "";
			projectRoot = "";
			targets = (
				12E4A743285027F600B2380B /* AppTemplate */,
			);
		};
/* End PBXProject section */

/* Begin PBXResourcesBuildPhase section */
		12E4A742285027F600B2380B /* Resources */ = {
			isa = PBXResourcesBuildPhase;
			buildActionMask = 2147483647;
			files = (
				12DDDDAD288BF2E40055A073 /* Launch Screen.storyboard in Resources */,
				12E4A74F285027F700B2380B /* Preview Assets.xcassets in Resources */,
				127ECB2E28614C0200CB1BC3 /* Configuration.storekit in Resources */,
				12E4A77128502F3A00B2380B /* InfoPlist.strings in Resources */,
				1299C386288D12760086522B /* 🌏VersionDescription.strings in Resources */,
				12E4A76B28502EDE00B2380B /* Localizable.strings in Resources */,
				1299C37B288CB8C30086522B /* 🌏AppStoreDescription.strings in Resources */,
				1299C38C288D194B0086522B /* WorkInProgress.strings in Resources */,
				12E4A74C285027F700B2380B /* Assets.xcassets in Resources */,
			);
			runOnlyForDeploymentPostprocessing = 0;
		};
/* End PBXResourcesBuildPhase section */

/* Begin PBXSourcesBuildPhase section */
		12E4A740285027F600B2380B /* Sources */ = {
			isa = PBXSourcesBuildPhase;
			buildActionMask = 2147483647;
			files = (
				12E4A75728502A2D00B2380B /* 📱AppModel.swift in Sources */,
				12A605A5289219B30001DE23 /* 🔠BiggerSystemFontTest.swift in Sources */,
				12E4A74A285027F600B2380B /* ContentView.swift in Sources */,
				1256A33F286B174D002AF08A /* 🛠AppMenu.swift in Sources */,
				F52D4ECD28F005C4007A45CD /* 📣ADBanner.swift in Sources */,
				12DDD5452861D6B2004F59A0 /* 🔗OpenSystemSetting.swift in Sources */,
				1220AD0C286C03CC00F07278 /* 🩻TransparencyReport.swift in Sources */,
				12D4368528656B4400B707F5 /* 🖨printLog.swift in Sources */,
				1299C39C288D650C0086522B /* 🛠MenuButton.swift in Sources */,
				127ECB2A286149EF00CB1BC3 /* 🛒InAppPurchase.swift in Sources */,
				12E4A76328502C9F00B2380B /* ℹ️AboutAppMenu.swift in Sources */,
				12E4A76228502C9F00B2380B /* 📓SourceCodeMenu.swift in Sources */,
				127ECB2C28614B8B00CB1BC3 /* 📣AD.swift in Sources */,
				12E4A748285027F600B2380B /* AppTemplateApp.swift in Sources */,
			);
			runOnlyForDeploymentPostprocessing = 0;
		};
/* End PBXSourcesBuildPhase section */

/* Begin PBXVariantGroup section */
		1299C37D288CB8C30086522B /* 🌏AppStoreDescription.strings */ = {
			isa = PBXVariantGroup;
			children = (
				1299C37C288CB8C30086522B /* en */,
				1299C37E288CB8C70086522B /* ja */,
			);
			name = "🌏AppStoreDescription.strings";
			sourceTree = "<group>";
		};
		1299C388288D12760086522B /* 🌏VersionDescription.strings */ = {
			isa = PBXVariantGroup;
			children = (
				1299C387288D12760086522B /* en */,
				1299C389288D127A0086522B /* ja */,
			);
			name = "🌏VersionDescription.strings";
			sourceTree = "<group>";
		};
		1299C38E288D194B0086522B /* WorkInProgress.strings */ = {
			isa = PBXVariantGroup;
			children = (
				1299C38D288D194B0086522B /* en */,
				1299C38F288D19500086522B /* ja */,
			);
			name = WorkInProgress.strings;
			sourceTree = "<group>";
		};
		12E4A76D28502EDE00B2380B /* Localizable.strings */ = {
			isa = PBXVariantGroup;
			children = (
				12E4A76C28502EDE00B2380B /* en */,
				12E4A76E28502EE100B2380B /* ja */,
			);
			name = Localizable.strings;
			sourceTree = "<group>";
		};
		12E4A77328502F3A00B2380B /* InfoPlist.strings */ = {
			isa = PBXVariantGroup;
			children = (
				12E4A77228502F3A00B2380B /* en */,
				12E4A77428502F3B00B2380B /* ja */,
			);
			name = InfoPlist.strings;
			sourceTree = "<group>";
		};
/* End PBXVariantGroup section */

/* Begin XCBuildConfiguration section */
		12E4A750285027F700B2380B /* Debug */ = {
			isa = XCBuildConfiguration;
			buildSettings = {
				ALWAYS_SEARCH_USER_PATHS = NO;
				CLANG_ANALYZER_LOCALIZABILITY_NONLOCALIZED = YES;
				CLANG_ANALYZER_NONNULL = YES;
				CLANG_ANALYZER_NUMBER_OBJECT_CONVERSION = YES_AGGRESSIVE;
				CLANG_CXX_LANGUAGE_STANDARD = "gnu++17";
				CLANG_ENABLE_MODULES = YES;
				CLANG_ENABLE_OBJC_ARC = YES;
				CLANG_ENABLE_OBJC_WEAK = YES;
				CLANG_WARN_BLOCK_CAPTURE_AUTORELEASING = YES;
				CLANG_WARN_BOOL_CONVERSION = YES;
				CLANG_WARN_COMMA = YES;
				CLANG_WARN_CONSTANT_CONVERSION = YES;
				CLANG_WARN_DEPRECATED_OBJC_IMPLEMENTATIONS = YES;
				CLANG_WARN_DIRECT_OBJC_ISA_USAGE = YES_ERROR;
				CLANG_WARN_DOCUMENTATION_COMMENTS = YES;
				CLANG_WARN_EMPTY_BODY = YES;
				CLANG_WARN_ENUM_CONVERSION = YES;
				CLANG_WARN_INFINITE_RECURSION = YES;
				CLANG_WARN_INT_CONVERSION = YES;
				CLANG_WARN_NON_LITERAL_NULL_CONVERSION = YES;
				CLANG_WARN_OBJC_IMPLICIT_RETAIN_SELF = YES;
				CLANG_WARN_OBJC_LITERAL_CONVERSION = YES;
				CLANG_WARN_OBJC_ROOT_CLASS = YES_ERROR;
				CLANG_WARN_QUOTED_INCLUDE_IN_FRAMEWORK_HEADER = YES;
				CLANG_WARN_RANGE_LOOP_ANALYSIS = YES;
				CLANG_WARN_STRICT_PROTOTYPES = YES;
				CLANG_WARN_SUSPICIOUS_MOVE = YES;
				CLANG_WARN_UNGUARDED_AVAILABILITY = YES_AGGRESSIVE;
				CLANG_WARN_UNREACHABLE_CODE = YES;
				CLANG_WARN__DUPLICATE_METHOD_MATCH = YES;
				COPY_PHASE_STRIP = NO;
				DEBUG_INFORMATION_FORMAT = dwarf;
				ENABLE_STRICT_OBJC_MSGSEND = YES;
				ENABLE_TESTABILITY = YES;
				GCC_C_LANGUAGE_STANDARD = gnu11;
				GCC_DYNAMIC_NO_PIC = NO;
				GCC_NO_COMMON_BLOCKS = YES;
				GCC_OPTIMIZATION_LEVEL = 0;
				GCC_PREPROCESSOR_DEFINITIONS = (
					"DEBUG=1",
					"$(inherited)",
				);
				GCC_WARN_64_TO_32_BIT_CONVERSION = YES;
				GCC_WARN_ABOUT_RETURN_TYPE = YES_ERROR;
				GCC_WARN_UNDECLARED_SELECTOR = YES;
				GCC_WARN_UNINITIALIZED_AUTOS = YES_AGGRESSIVE;
				GCC_WARN_UNUSED_FUNCTION = YES;
				GCC_WARN_UNUSED_VARIABLE = YES;
				IPHONEOS_DEPLOYMENT_TARGET = 15.5;
				MTL_ENABLE_DEBUG_INFO = INCLUDE_SOURCE;
				MTL_FAST_MATH = YES;
				ONLY_ACTIVE_ARCH = YES;
				SDKROOT = iphoneos;
				SWIFT_ACTIVE_COMPILATION_CONDITIONS = DEBUG;
				SWIFT_OPTIMIZATION_LEVEL = "-Onone";
			};
			name = Debug;
		};
		12E4A751285027F700B2380B /* Release */ = {
			isa = XCBuildConfiguration;
			buildSettings = {
				ALWAYS_SEARCH_USER_PATHS = NO;
				CLANG_ANALYZER_LOCALIZABILITY_NONLOCALIZED = YES;
				CLANG_ANALYZER_NONNULL = YES;
				CLANG_ANALYZER_NUMBER_OBJECT_CONVERSION = YES_AGGRESSIVE;
				CLANG_CXX_LANGUAGE_STANDARD = "gnu++17";
				CLANG_ENABLE_MODULES = YES;
				CLANG_ENABLE_OBJC_ARC = YES;
				CLANG_ENABLE_OBJC_WEAK = YES;
				CLANG_WARN_BLOCK_CAPTURE_AUTORELEASING = YES;
				CLANG_WARN_BOOL_CONVERSION = YES;
				CLANG_WARN_COMMA = YES;
				CLANG_WARN_CONSTANT_CONVERSION = YES;
				CLANG_WARN_DEPRECATED_OBJC_IMPLEMENTATIONS = YES;
				CLANG_WARN_DIRECT_OBJC_ISA_USAGE = YES_ERROR;
				CLANG_WARN_DOCUMENTATION_COMMENTS = YES;
				CLANG_WARN_EMPTY_BODY = YES;
				CLANG_WARN_ENUM_CONVERSION = YES;
				CLANG_WARN_INFINITE_RECURSION = YES;
				CLANG_WARN_INT_CONVERSION = YES;
				CLANG_WARN_NON_LITERAL_NULL_CONVERSION = YES;
				CLANG_WARN_OBJC_IMPLICIT_RETAIN_SELF = YES;
				CLANG_WARN_OBJC_LITERAL_CONVERSION = YES;
				CLANG_WARN_OBJC_ROOT_CLASS = YES_ERROR;
				CLANG_WARN_QUOTED_INCLUDE_IN_FRAMEWORK_HEADER = YES;
				CLANG_WARN_RANGE_LOOP_ANALYSIS = YES;
				CLANG_WARN_STRICT_PROTOTYPES = YES;
				CLANG_WARN_SUSPICIOUS_MOVE = YES;
				CLANG_WARN_UNGUARDED_AVAILABILITY = YES_AGGRESSIVE;
				CLANG_WARN_UNREACHABLE_CODE = YES;
				CLANG_WARN__DUPLICATE_METHOD_MATCH = YES;
				COPY_PHASE_STRIP = NO;
				DEBUG_INFORMATION_FORMAT = "dwarf-with-dsym";
				ENABLE_NS_ASSERTIONS = NO;
				ENABLE_STRICT_OBJC_MSGSEND = YES;
				GCC_C_LANGUAGE_STANDARD = gnu11;
				GCC_NO_COMMON_BLOCKS = YES;
				GCC_WARN_64_TO_32_BIT_CONVERSION = YES;
				GCC_WARN_ABOUT_RETURN_TYPE = YES_ERROR;
				GCC_WARN_UNDECLARED_SELECTOR = YES;
				GCC_WARN_UNINITIALIZED_AUTOS = YES_AGGRESSIVE;
				GCC_WARN_UNUSED_FUNCTION = YES;
				GCC_WARN_UNUSED_VARIABLE = YES;
				IPHONEOS_DEPLOYMENT_TARGET = 15.5;
				MTL_ENABLE_DEBUG_INFO = NO;
				MTL_FAST_MATH = YES;
				SDKROOT = iphoneos;
				SWIFT_COMPILATION_MODE = wholemodule;
				SWIFT_OPTIMIZATION_LEVEL = "-O";
				VALIDATE_PRODUCT = YES;
			};
			name = Release;
		};
		12E4A753285027F700B2380B /* Debug */ = {
			isa = XCBuildConfiguration;
			buildSettings = {
				ASSETCATALOG_COMPILER_APPICON_NAME = AppIcon;
				ASSETCATALOG_COMPILER_GLOBAL_ACCENT_COLOR_NAME = AccentColor;
				CODE_SIGN_STYLE = Automatic;
				CURRENT_PROJECT_VERSION = 1;
				DEVELOPMENT_ASSET_PATHS = "\"AppTemplate/🧩Sub/Preview Content\"";
				DEVELOPMENT_TEAM = 6696GEY228;
				ENABLE_PREVIEWS = YES;
				GENERATE_INFOPLIST_FILE = YES;
				INFOPLIST_FILE = "AppTemplate/🧩Sub/Info.plist";
				INFOPLIST_KEY_UIApplicationSceneManifest_Generation = YES;
				INFOPLIST_KEY_UIApplicationSupportsIndirectInputEvents = YES;
				INFOPLIST_KEY_UILaunchScreen_Generation = YES;
				INFOPLIST_KEY_UILaunchStoryboardName = "Launch Screen";
				INFOPLIST_KEY_UISupportedInterfaceOrientations_iPad = "UIInterfaceOrientationPortrait UIInterfaceOrientationPortraitUpsideDown UIInterfaceOrientationLandscapeLeft UIInterfaceOrientationLandscapeRight";
				INFOPLIST_KEY_UISupportedInterfaceOrientations_iPhone = "UIInterfaceOrientationPortrait UIInterfaceOrientationLandscapeLeft UIInterfaceOrientationLandscapeRight";
				IPHONEOS_DEPLOYMENT_TARGET = 15.5;
				LD_RUNPATH_SEARCH_PATHS = (
					"$(inherited)",
					"@executable_path/Frameworks",
				);
				MARKETING_VERSION = 1.1;
				PRODUCT_BUNDLE_IDENTIFIER = net.aaaakkkkssssttttnnnn.AppTemplate;
				PRODUCT_NAME = "$(TARGET_NAME)";
				SWIFT_EMIT_LOC_STRINGS = YES;
				SWIFT_VERSION = 5.0;
				TARGETED_DEVICE_FAMILY = "1,2";
			};
			name = Debug;
		};
		12E4A754285027F700B2380B /* Release */ = {
			isa = XCBuildConfiguration;
			buildSettings = {
				ASSETCATALOG_COMPILER_APPICON_NAME = AppIcon;
				ASSETCATALOG_COMPILER_GLOBAL_ACCENT_COLOR_NAME = AccentColor;
				CODE_SIGN_STYLE = Automatic;
				CURRENT_PROJECT_VERSION = 1;
				DEVELOPMENT_ASSET_PATHS = "\"AppTemplate/🧩Sub/Preview Content\"";
				DEVELOPMENT_TEAM = 6696GEY228;
				ENABLE_PREVIEWS = YES;
				GENERATE_INFOPLIST_FILE = YES;
				INFOPLIST_FILE = "AppTemplate/🧩Sub/Info.plist";
				INFOPLIST_KEY_UIApplicationSceneManifest_Generation = YES;
				INFOPLIST_KEY_UIApplicationSupportsIndirectInputEvents = YES;
				INFOPLIST_KEY_UILaunchScreen_Generation = YES;
				INFOPLIST_KEY_UILaunchStoryboardName = "Launch Screen";
				INFOPLIST_KEY_UISupportedInterfaceOrientations_iPad = "UIInterfaceOrientationPortrait UIInterfaceOrientationPortraitUpsideDown UIInterfaceOrientationLandscapeLeft UIInterfaceOrientationLandscapeRight";
				INFOPLIST_KEY_UISupportedInterfaceOrientations_iPhone = "UIInterfaceOrientationPortrait UIInterfaceOrientationLandscapeLeft UIInterfaceOrientationLandscapeRight";
				IPHONEOS_DEPLOYMENT_TARGET = 15.5;
				LD_RUNPATH_SEARCH_PATHS = (
					"$(inherited)",
					"@executable_path/Frameworks",
				);
				MARKETING_VERSION = 1.1;
				PRODUCT_BUNDLE_IDENTIFIER = net.aaaakkkkssssttttnnnn.AppTemplate;
				PRODUCT_NAME = "$(TARGET_NAME)";
				SWIFT_EMIT_LOC_STRINGS = YES;
				SWIFT_VERSION = 5.0;
				TARGETED_DEVICE_FAMILY = "1,2";
			};
			name = Release;
		};
/* End XCBuildConfiguration section */

/* Begin XCConfigurationList section */
		12E4A73F285027F600B2380B /* Build configuration list for PBXProject "AppTemplate" */ = {
			isa = XCConfigurationList;
			buildConfigurations = (
				12E4A750285027F700B2380B /* Debug */,
				12E4A751285027F700B2380B /* Release */,
			);
			defaultConfigurationIsVisible = 0;
			defaultConfigurationName = Release;
		};
		12E4A752285027F700B2380B /* Build configuration list for PBXNativeTarget "AppTemplate" */ = {
			isa = XCConfigurationList;
			buildConfigurations = (
				12E4A753285027F700B2380B /* Debug */,
				12E4A754285027F700B2380B /* Release */,
			);
			defaultConfigurationIsVisible = 0;
			defaultConfigurationName = Release;
		};
/* End XCConfigurationList section */
	};
	rootObject = 12E4A73C285027F600B2380B /* Project object */;
}
